// !$*UTF8*$!
{
	archiveVersion = 1;
	classes = {
	};
	objectVersion = 77;
	objects = {

/* Begin PBXBuildFile section */
		CF14550A2E25A19C00F8E23D /* AWSClientRuntime in Frameworks */ = {isa = PBXBuildFile; productRef = CF1455092E25A19C00F8E23D /* AWSClientRuntime */; };
		CF14550C2E25A19C00F8E23D /* AWSS3 in Frameworks */ = {isa = PBXBuildFile; productRef = CF14550B2E25A19C00F8E23D /* AWSS3 */; };
		CF14550E2E25A52500F8E23D /* AWSSDKIdentity in Frameworks */ = {isa = PBXBuildFile; productRef = CF14550D2E25A52500F8E23D /* AWSSDKIdentity */; };
		CF1455112E25C19500F8E23D /* S3ClientMock.swift in Sources */ = {isa = PBXBuildFile; fileRef = CF1455102E25C19100F8E23D /* S3ClientMock.swift */; };
		CF1455152E25C21600F8E23D /* S3UploaderTests.swift in Sources */ = {isa = PBXBuildFile; fileRef = CF1455142E25C21600F8E23D /* S3UploaderTests.swift */; };
		CF2BF7842E16BE440031ED3F /* UploadProcessor.swift in Sources */ = {isa = PBXBuildFile; fileRef = CF2BF7832E16BE400031ED3F /* UploadProcessor.swift */; };
		CF35FAB82E1C74AD003D218C /* FileManager+Extension.swift in Sources */ = {isa = PBXBuildFile; fileRef = CF35FAB72E1C749B003D218C /* FileManager+Extension.swift */; };
		CF35FABA2E1C9831003D218C /* Severity.swift in Sources */ = {isa = PBXBuildFile; fileRef = CF35FAB92E1C982F003D218C /* Severity.swift */; };
		CF35FABF2E1C9F1E003D218C /* StackFrame.swift in Sources */ = {isa = PBXBuildFile; fileRef = CF35FABE2E1C9F18003D218C /* StackFrame.swift */; };
		CF35FAC22E1CB605003D218C /* ContextProvider.swift in Sources */ = {isa = PBXBuildFile; fileRef = CF35FAC12E1CB600003D218C /* ContextProvider.swift */; };
		CF35FAC52E1DBDD4003D218C /* TelemetryIntegration.swift in Sources */ = {isa = PBXBuildFile; fileRef = CF35FAC42E1DBDCF003D218C /* TelemetryIntegration.swift */; };
		CF35FAC82E1DBFC1003D218C /* SystemEventTrackerIntegration.swift in Sources */ = {isa = PBXBuildFile; fileRef = CF35FAC72E1DBFA7003D218C /* SystemEventTrackerIntegration.swift */; };
		CF62561C2E1E07240078B3D2 /* TelemetrySubscriber.swift in Sources */ = {isa = PBXBuildFile; fileRef = CF62561B2E1E07210078B3D2 /* TelemetrySubscriber.swift */; };
		CF62561F2E1E07F70078B3D2 /* RuntimeContextProvider.swift in Sources */ = {isa = PBXBuildFile; fileRef = CF62561E2E1E07F60078B3D2 /* RuntimeContextProvider.swift */; };
		CF6256212E1E081E0078B3D2 /* Context.swift in Sources */ = {isa = PBXBuildFile; fileRef = CF6256202E1E081A0078B3D2 /* Context.swift */; };
		CF77792C2E254D3000BDA2F8 /* Uploader.swift in Sources */ = {isa = PBXBuildFile; fileRef = CF77792B2E254D2D00BDA2F8 /* Uploader.swift */; };
		CF77792F2E254D5F00BDA2F8 /* S3Uploader.swift in Sources */ = {isa = PBXBuildFile; fileRef = CF77792E2E254D5D00BDA2F8 /* S3Uploader.swift */; };
		CF7779362E255CA300BDA2F8 /* UploaderErrorReason.swift in Sources */ = {isa = PBXBuildFile; fileRef = CF7779352E255CA000BDA2F8 /* UploaderErrorReason.swift */; };
		CF863B152E26AEE500901B71 /* Utilities.framework in Frameworks */ = {isa = PBXBuildFile; fileRef = CF863B142E26AEE500901B71 /* Utilities.framework */; };
		CF863B162E26AEE500901B71 /* Utilities.framework in Embed Frameworks */ = {isa = PBXBuildFile; fileRef = CF863B142E26AEE500901B71 /* Utilities.framework */; settings = {ATTRIBUTES = (CodeSignOnCopy, RemoveHeadersOnCopy, ); }; };
		CFA6ACA02E20485600DE14E6 /* Metadata.swift in Sources */ = {isa = PBXBuildFile; fileRef = CFA6AC9F2E20484E00DE14E6 /* Metadata.swift */; };
		CFA6ACE62E20B46800DE14E6 /* Core.framework in Frameworks */ = {isa = PBXBuildFile; fileRef = CFA6ACE52E20B46800DE14E6 /* Core.framework */; };
		CFA6ACE72E20B46800DE14E6 /* Core.framework in Embed Frameworks */ = {isa = PBXBuildFile; fileRef = CFA6ACE52E20B46800DE14E6 /* Core.framework */; settings = {ATTRIBUTES = (CodeSignOnCopy, RemoveHeadersOnCopy, ); }; };
		CFA6ADAD2E2162DE00DE14E6 /* AutoSessionTrackerIntegration.swift in Sources */ = {isa = PBXBuildFile; fileRef = CFA6ADAC2E2162D900DE14E6 /* AutoSessionTrackerIntegration.swift */; };
		CFA6ADB02E21736300DE14E6 /* Session.swift in Sources */ = {isa = PBXBuildFile; fileRef = CFA6ADAF2E21735D00DE14E6 /* Session.swift */; };
		CFA6ADB32E21A92800DE14E6 /* Installation.swift in Sources */ = {isa = PBXBuildFile; fileRef = CFA6ADB22E21A92400DE14E6 /* Installation.swift */; };
		CFA6ADBF2E21B0E600DE14E6 /* InMemoryStorage.swift in Sources */ = {isa = PBXBuildFile; fileRef = CFA6ADB52E21B0E600DE14E6 /* InMemoryStorage.swift */; };
		CFA6ADC02E21B0E600DE14E6 /* UserDefaultsStorage.swift in Sources */ = {isa = PBXBuildFile; fileRef = CFA6ADBB2E21B0E600DE14E6 /* UserDefaultsStorage.swift */; };
		CFA6ADC12E21B0E600DE14E6 /* Storage.swift in Sources */ = {isa = PBXBuildFile; fileRef = CFA6ADBA2E21B0E600DE14E6 /* Storage.swift */; };
		CFA6ADC52E21B38400DE14E6 /* StorageErrorReason.swift in Sources */ = {isa = PBXBuildFile; fileRef = CFA6ADC32E21B38400DE14E6 /* StorageErrorReason.swift */; };
		CFA6ADC72E21B49500DE14E6 /* FileSystemStorage.swift in Sources */ = {isa = PBXBuildFile; fileRef = CFA6ADC62E21B48E00DE14E6 /* FileSystemStorage.swift */; };
		CFA6ADC92E21D91A00DE14E6 /* StorageKey.swift in Sources */ = {isa = PBXBuildFile; fileRef = CFA6ADC82E21D91600DE14E6 /* StorageKey.swift */; };
		CFA6AE072E21DB5D00DE14E6 /* DI.framework in Frameworks */ = {isa = PBXBuildFile; fileRef = CFA6AE062E21DB5D00DE14E6 /* DI.framework */; };
		CFA6AE082E21DB5D00DE14E6 /* DI.framework in Embed Frameworks */ = {isa = PBXBuildFile; fileRef = CFA6AE062E21DB5D00DE14E6 /* DI.framework */; settings = {ATTRIBUTES = (CodeSignOnCopy, RemoveHeadersOnCopy, ); }; };
		CFA6AE0B2E21DCE200DE14E6 /* DI.swift in Sources */ = {isa = PBXBuildFile; fileRef = CFA6AE0A2E21DCE000DE14E6 /* DI.swift */; };
		CFC061A02E26BFF200C35D4D /* S3ClientProvider.swift in Sources */ = {isa = PBXBuildFile; fileRef = CFC0619F2E26BFEC00C35D4D /* S3ClientProvider.swift */; };
		CFC061A32E26C13600C35D4D /* S3ClientProviderTests.swift in Sources */ = {isa = PBXBuildFile; fileRef = CFC061A22E26C13600C35D4D /* S3ClientProviderTests.swift */; };
		CFCA614D2E15CB0800FE88CC /* Telemetry.h in Headers */ = {isa = PBXBuildFile; fileRef = CFCA614A2E15CB0800FE88CC /* Telemetry.h */; };
		CFCA614E2E15CB0800FE88CC /* Telemetry.docc in Sources */ = {isa = PBXBuildFile; fileRef = CFCA614B2E15CB0800FE88CC /* Telemetry.docc */; };
		CFCA61512E15CB4000FE88CC /* TelemetryTests.swift in Sources */ = {isa = PBXBuildFile; fileRef = CFCA614F2E15CB4000FE88CC /* TelemetryTests.swift */; };
		CFCA61552E15CC2E00FE88CC /* TelemetryManager.swift in Sources */ = {isa = PBXBuildFile; fileRef = CFCA61542E15CC2800FE88CC /* TelemetryManager.swift */; };
		CFCA61582E15CCBC00FE88CC /* TelemetryReport.swift in Sources */ = {isa = PBXBuildFile; fileRef = CFCA61572E15CCB900FE88CC /* TelemetryReport.swift */; };
		CFCA615B2E15CD0C00FE88CC /* RingBuffer.swift in Sources */ = {isa = PBXBuildFile; fileRef = CFCA615A2E15CD0700FE88CC /* RingBuffer.swift */; };
		CFCA615D2E15CDB400FE88CC /* Breadcrumb.swift in Sources */ = {isa = PBXBuildFile; fileRef = CFCA615C2E15CDAD00FE88CC /* Breadcrumb.swift */; };
		CFFE85812E15C80F00DAB430 /* Telemetry.framework in Frameworks */ = {isa = PBXBuildFile; fileRef = CFFE85762E15C80F00DAB430 /* Telemetry.framework */; };
/* End PBXBuildFile section */

/* Begin PBXContainerItemProxy section */
		CFFE85822E15C80F00DAB430 /* PBXContainerItemProxy */ = {
			isa = PBXContainerItemProxy;
			containerPortal = CFFE856D2E15C80F00DAB430 /* Project object */;
			proxyType = 1;
			remoteGlobalIDString = CFFE85752E15C80F00DAB430;
			remoteInfo = Telemetry;
		};
/* End PBXContainerItemProxy section */

/* Begin PBXCopyFilesBuildPhase section */
		CF62562B2E1E0FEF0078B3D2 /* Embed Frameworks */ = {
			isa = PBXCopyFilesBuildPhase;
			buildActionMask = 2147483647;
			dstPath = "";
			dstSubfolderSpec = 10;
			files = (
				CFA6AE082E21DB5D00DE14E6 /* DI.framework in Embed Frameworks */,
				CF863B162E26AEE500901B71 /* Utilities.framework in Embed Frameworks */,
				CFA6ACE72E20B46800DE14E6 /* Core.framework in Embed Frameworks */,
			);
			name = "Embed Frameworks";
			runOnlyForDeploymentPostprocessing = 0;
		};
/* End PBXCopyFilesBuildPhase section */

/* Begin PBXFileReference section */
		CF1455102E25C19100F8E23D /* S3ClientMock.swift */ = {isa = PBXFileReference; lastKnownFileType = sourcecode.swift; path = S3ClientMock.swift; sourceTree = "<group>"; };
		CF1455142E25C21600F8E23D /* S3UploaderTests.swift */ = {isa = PBXFileReference; lastKnownFileType = sourcecode.swift; path = S3UploaderTests.swift; sourceTree = "<group>"; };
		CF2BF7832E16BE400031ED3F /* UploadProcessor.swift */ = {isa = PBXFileReference; lastKnownFileType = sourcecode.swift; path = UploadProcessor.swift; sourceTree = "<group>"; };
		CF35FAB72E1C749B003D218C /* FileManager+Extension.swift */ = {isa = PBXFileReference; lastKnownFileType = sourcecode.swift; path = "FileManager+Extension.swift"; sourceTree = "<group>"; };
		CF35FAB92E1C982F003D218C /* Severity.swift */ = {isa = PBXFileReference; lastKnownFileType = sourcecode.swift; path = Severity.swift; sourceTree = "<group>"; };
		CF35FABE2E1C9F18003D218C /* StackFrame.swift */ = {isa = PBXFileReference; lastKnownFileType = sourcecode.swift; path = StackFrame.swift; sourceTree = "<group>"; };
		CF35FAC12E1CB600003D218C /* ContextProvider.swift */ = {isa = PBXFileReference; lastKnownFileType = sourcecode.swift; path = ContextProvider.swift; sourceTree = "<group>"; };
		CF35FAC42E1DBDCF003D218C /* TelemetryIntegration.swift */ = {isa = PBXFileReference; lastKnownFileType = sourcecode.swift; path = TelemetryIntegration.swift; sourceTree = "<group>"; };
		CF35FAC72E1DBFA7003D218C /* SystemEventTrackerIntegration.swift */ = {isa = PBXFileReference; lastKnownFileType = sourcecode.swift; path = SystemEventTrackerIntegration.swift; sourceTree = "<group>"; };
		CF62561B2E1E07210078B3D2 /* TelemetrySubscriber.swift */ = {isa = PBXFileReference; lastKnownFileType = sourcecode.swift; path = TelemetrySubscriber.swift; sourceTree = "<group>"; };
		CF62561E2E1E07F60078B3D2 /* RuntimeContextProvider.swift */ = {isa = PBXFileReference; lastKnownFileType = sourcecode.swift; path = RuntimeContextProvider.swift; sourceTree = "<group>"; };
		CF6256202E1E081A0078B3D2 /* Context.swift */ = {isa = PBXFileReference; lastKnownFileType = sourcecode.swift; path = Context.swift; sourceTree = "<group>"; };
		CF6256282E1E0FEF0078B3D2 /* CommonUtilities.framework */ = {isa = PBXFileReference; explicitFileType = wrapper.framework; path = CommonUtilities.framework; sourceTree = BUILT_PRODUCTS_DIR; };
		CF77792B2E254D2D00BDA2F8 /* Uploader.swift */ = {isa = PBXFileReference; lastKnownFileType = sourcecode.swift; path = Uploader.swift; sourceTree = "<group>"; };
		CF77792E2E254D5D00BDA2F8 /* S3Uploader.swift */ = {isa = PBXFileReference; lastKnownFileType = sourcecode.swift; path = S3Uploader.swift; sourceTree = "<group>"; };
		CF7779352E255CA000BDA2F8 /* UploaderErrorReason.swift */ = {isa = PBXFileReference; lastKnownFileType = sourcecode.swift; path = UploaderErrorReason.swift; sourceTree = "<group>"; };
		CF863AA42E26AA2300901B71 /* TVCommonUtilities.framework */ = {isa = PBXFileReference; explicitFileType = wrapper.framework; path = TVCommonUtilities.framework; sourceTree = BUILT_PRODUCTS_DIR; };
		CF863B142E26AEE500901B71 /* Utilities.framework */ = {isa = PBXFileReference; explicitFileType = wrapper.framework; path = Utilities.framework; sourceTree = BUILT_PRODUCTS_DIR; };
		CFA6AC9F2E20484E00DE14E6 /* Metadata.swift */ = {isa = PBXFileReference; lastKnownFileType = sourcecode.swift; path = Metadata.swift; sourceTree = "<group>"; };
		CFA6ACE52E20B46800DE14E6 /* Core.framework */ = {isa = PBXFileReference; explicitFileType = wrapper.framework; path = Core.framework; sourceTree = BUILT_PRODUCTS_DIR; };
		CFA6ADAC2E2162D900DE14E6 /* AutoSessionTrackerIntegration.swift */ = {isa = PBXFileReference; lastKnownFileType = sourcecode.swift; path = AutoSessionTrackerIntegration.swift; sourceTree = "<group>"; };
		CFA6ADAF2E21735D00DE14E6 /* Session.swift */ = {isa = PBXFileReference; lastKnownFileType = sourcecode.swift; path = Session.swift; sourceTree = "<group>"; };
		CFA6ADB22E21A92400DE14E6 /* Installation.swift */ = {isa = PBXFileReference; lastKnownFileType = sourcecode.swift; path = Installation.swift; sourceTree = "<group>"; };
		CFA6ADB52E21B0E600DE14E6 /* InMemoryStorage.swift */ = {isa = PBXFileReference; lastKnownFileType = sourcecode.swift; path = InMemoryStorage.swift; sourceTree = "<group>"; };
		CFA6ADBA2E21B0E600DE14E6 /* Storage.swift */ = {isa = PBXFileReference; lastKnownFileType = sourcecode.swift; path = Storage.swift; sourceTree = "<group>"; };
		CFA6ADBB2E21B0E600DE14E6 /* UserDefaultsStorage.swift */ = {isa = PBXFileReference; lastKnownFileType = sourcecode.swift; path = UserDefaultsStorage.swift; sourceTree = "<group>"; };
		CFA6ADC32E21B38400DE14E6 /* StorageErrorReason.swift */ = {isa = PBXFileReference; lastKnownFileType = sourcecode.swift; path = StorageErrorReason.swift; sourceTree = "<group>"; };
		CFA6ADC62E21B48E00DE14E6 /* FileSystemStorage.swift */ = {isa = PBXFileReference; lastKnownFileType = sourcecode.swift; path = FileSystemStorage.swift; sourceTree = "<group>"; };
		CFA6ADC82E21D91600DE14E6 /* StorageKey.swift */ = {isa = PBXFileReference; lastKnownFileType = sourcecode.swift; path = StorageKey.swift; sourceTree = "<group>"; };
		CFA6AE062E21DB5D00DE14E6 /* DI.framework */ = {isa = PBXFileReference; explicitFileType = wrapper.framework; path = DI.framework; sourceTree = BUILT_PRODUCTS_DIR; };
		CFA6AE0A2E21DCE000DE14E6 /* DI.swift */ = {isa = PBXFileReference; lastKnownFileType = sourcecode.swift; path = DI.swift; sourceTree = "<group>"; };
		CFC0619F2E26BFEC00C35D4D /* S3ClientProvider.swift */ = {isa = PBXFileReference; lastKnownFileType = sourcecode.swift; path = S3ClientProvider.swift; sourceTree = "<group>"; };
		CFC061A22E26C13600C35D4D /* S3ClientProviderTests.swift */ = {isa = PBXFileReference; lastKnownFileType = sourcecode.swift; path = S3ClientProviderTests.swift; sourceTree = "<group>"; };
		CFCA614A2E15CB0800FE88CC /* Telemetry.h */ = {isa = PBXFileReference; lastKnownFileType = sourcecode.c.h; path = Telemetry.h; sourceTree = "<group>"; };
		CFCA614B2E15CB0800FE88CC /* Telemetry.docc */ = {isa = PBXFileReference; lastKnownFileType = folder.documentationcatalog; path = Telemetry.docc; sourceTree = "<group>"; };
		CFCA614F2E15CB4000FE88CC /* TelemetryTests.swift */ = {isa = PBXFileReference; lastKnownFileType = sourcecode.swift; path = TelemetryTests.swift; sourceTree = "<group>"; };
		CFCA61542E15CC2800FE88CC /* TelemetryManager.swift */ = {isa = PBXFileReference; lastKnownFileType = sourcecode.swift; path = TelemetryManager.swift; sourceTree = "<group>"; };
		CFCA61572E15CCB900FE88CC /* TelemetryReport.swift */ = {isa = PBXFileReference; lastKnownFileType = sourcecode.swift; path = TelemetryReport.swift; sourceTree = "<group>"; };
		CFCA615A2E15CD0700FE88CC /* RingBuffer.swift */ = {isa = PBXFileReference; lastKnownFileType = sourcecode.swift; path = RingBuffer.swift; sourceTree = "<group>"; };
		CFCA615C2E15CDAD00FE88CC /* Breadcrumb.swift */ = {isa = PBXFileReference; lastKnownFileType = sourcecode.swift; path = Breadcrumb.swift; sourceTree = "<group>"; };
		CFFE85762E15C80F00DAB430 /* Telemetry.framework */ = {isa = PBXFileReference; explicitFileType = wrapper.framework; includeInIndex = 0; path = Telemetry.framework; sourceTree = BUILT_PRODUCTS_DIR; };
		CFFE85802E15C80F00DAB430 /* TelemetryTests.xctest */ = {isa = PBXFileReference; explicitFileType = wrapper.cfbundle; includeInIndex = 0; path = TelemetryTests.xctest; sourceTree = BUILT_PRODUCTS_DIR; };
/* End PBXFileReference section */

/* Begin PBXFrameworksBuildPhase section */
		CFFE85732E15C80F00DAB430 /* Frameworks */ = {
			isa = PBXFrameworksBuildPhase;
			buildActionMask = 2147483647;
			files = (
				CF14550C2E25A19C00F8E23D /* AWSS3 in Frameworks */,
				CF863B152E26AEE500901B71 /* Utilities.framework in Frameworks */,
				CF14550E2E25A52500F8E23D /* AWSSDKIdentity in Frameworks */,
				CFA6AE072E21DB5D00DE14E6 /* DI.framework in Frameworks */,
				CF14550A2E25A19C00F8E23D /* AWSClientRuntime in Frameworks */,
				CFA6ACE62E20B46800DE14E6 /* Core.framework in Frameworks */,
			);
			runOnlyForDeploymentPostprocessing = 0;
		};
		CFFE857D2E15C80F00DAB430 /* Frameworks */ = {
			isa = PBXFrameworksBuildPhase;
			buildActionMask = 2147483647;
			files = (
				CFFE85812E15C80F00DAB430 /* Telemetry.framework in Frameworks */,
			);
			runOnlyForDeploymentPostprocessing = 0;
		};
/* End PBXFrameworksBuildPhase section */

/* Begin PBXGroup section */
		CF14550F2E25C18C00F8E23D /* Mocks */ = {
			isa = PBXGroup;
			children = (
				CF1455102E25C19100F8E23D /* S3ClientMock.swift */,
			);
			path = Mocks;
			sourceTree = "<group>";
		};
		CF1455122E25C1EF00F8E23D /* Processor */ = {
			isa = PBXGroup;
			children = (
				CF1455132E25C1FA00F8E23D /* Uploader */,
			);
			path = Processor;
			sourceTree = "<group>";
		};
		CF1455132E25C1FA00F8E23D /* Uploader */ = {
			isa = PBXGroup;
			children = (
				CF1455142E25C21600F8E23D /* S3UploaderTests.swift */,
				CFC061A22E26C13600C35D4D /* S3ClientProviderTests.swift */,
			);
			path = Uploader;
			sourceTree = "<group>";
		};
		CF2B3A162E240E4100239F81 /* RingBuffer */ = {
			isa = PBXGroup;
			children = (
				CFCA615A2E15CD0700FE88CC /* RingBuffer.swift */,
			);
			path = RingBuffer;
			sourceTree = "<group>";
		};
		CF2BF7822E16BCC90031ED3F /* Subscriber */ = {
			isa = PBXGroup;
			children = (
				CF62561B2E1E07210078B3D2 /* TelemetrySubscriber.swift */,
			);
			path = Subscriber;
			sourceTree = "<group>";
		};
		CF35FAB62E1C7486003D218C /* Extensions */ = {
			isa = PBXGroup;
			children = (
				CF35FAB72E1C749B003D218C /* FileManager+Extension.swift */,
			);
			path = Extensions;
			sourceTree = "<group>";
		};
		CF35FABB2E1C988B003D218C /* Core */ = {
			isa = PBXGroup;
			children = (
				CFCA61592E15CCFF00FE88CC /* Breadcrumb */,
				CF35FAC02E1CB5F7003D218C /* Context */,
				CFA6ADB12E21A91A00DE14E6 /* Installation */,
				CFA6AC9E2E2047E900DE14E6 /* Metadata */,
				CF2B3A162E240E4100239F81 /* RingBuffer */,
				CFA6ADAE2E21727E00DE14E6 /* Session */,
				CF35FABC2E1C9892003D218C /* Severity */,
				CF35FABD2E1C9ED9003D218C /* StackFrame */,
			);
			path = Core;
			sourceTree = "<group>";
		};
		CF35FABC2E1C9892003D218C /* Severity */ = {
			isa = PBXGroup;
			children = (
				CF35FAB92E1C982F003D218C /* Severity.swift */,
			);
			path = Severity;
			sourceTree = "<group>";
		};
		CF35FABD2E1C9ED9003D218C /* StackFrame */ = {
			isa = PBXGroup;
			children = (
				CF35FABE2E1C9F18003D218C /* StackFrame.swift */,
			);
			path = StackFrame;
			sourceTree = "<group>";
		};
		CF35FAC02E1CB5F7003D218C /* Context */ = {
			isa = PBXGroup;
			children = (
				CF62561D2E1E07EE0078B3D2 /* Runtime */,
				CF6256202E1E081A0078B3D2 /* Context.swift */,
				CF35FAC12E1CB600003D218C /* ContextProvider.swift */,
			);
			path = Context;
			sourceTree = "<group>";
		};
		CF35FAC32E1DBDBD003D218C /* Integrations */ = {
			isa = PBXGroup;
			children = (
				CFA6ADAB2E2162D100DE14E6 /* Session */,
				CF35FAC62E1DBF80003D218C /* System */,
				CF35FAC42E1DBDCF003D218C /* TelemetryIntegration.swift */,
			);
			path = Integrations;
			sourceTree = "<group>";
		};
		CF35FAC62E1DBF80003D218C /* System */ = {
			isa = PBXGroup;
			children = (
				CF35FAC72E1DBFA7003D218C /* SystemEventTrackerIntegration.swift */,
			);
			path = System;
			sourceTree = "<group>";
		};
		CF62561D2E1E07EE0078B3D2 /* Runtime */ = {
			isa = PBXGroup;
			children = (
				CF62561E2E1E07F60078B3D2 /* RuntimeContextProvider.swift */,
			);
			path = Runtime;
			sourceTree = "<group>";
		};
		CF6256272E1E0FEF0078B3D2 /* Frameworks */ = {
			isa = PBXGroup;
			children = (
				CF863B142E26AEE500901B71 /* Utilities.framework */,
				CF863AA42E26AA2300901B71 /* TVCommonUtilities.framework */,
				CFA6AE062E21DB5D00DE14E6 /* DI.framework */,
				CFA6ACE52E20B46800DE14E6 /* Core.framework */,
				CF6256282E1E0FEF0078B3D2 /* CommonUtilities.framework */,
			);
			name = Frameworks;
			sourceTree = "<group>";
		};
		CF77792A2E254CF200BDA2F8 /* Uploader */ = {
			isa = PBXGroup;
			children = (
				CF77792D2E254D5200BDA2F8 /* S3Uploader */,
				CF77792B2E254D2D00BDA2F8 /* Uploader.swift */,
			);
			path = Uploader;
			sourceTree = "<group>";
		};
		CF77792D2E254D5200BDA2F8 /* S3Uploader */ = {
			isa = PBXGroup;
			children = (
				CFC0619F2E26BFEC00C35D4D /* S3ClientProvider.swift */,
				CF77792E2E254D5D00BDA2F8 /* S3Uploader.swift */,
			);
			path = S3Uploader;
			sourceTree = "<group>";
		};
		CFA6AC9E2E2047E900DE14E6 /* Metadata */ = {
			isa = PBXGroup;
			children = (
				CFA6AC9F2E20484E00DE14E6 /* Metadata.swift */,
			);
			path = Metadata;
			sourceTree = "<group>";
		};
		CFA6ADAA2E21587100DE14E6 /* Processor */ = {
			isa = PBXGroup;
			children = (
				CF77792A2E254CF200BDA2F8 /* Uploader */,
				CF2BF7832E16BE400031ED3F /* UploadProcessor.swift */,
			);
			path = Processor;
			sourceTree = "<group>";
		};
		CFA6ADAB2E2162D100DE14E6 /* Session */ = {
			isa = PBXGroup;
			children = (
				CFA6ADAC2E2162D900DE14E6 /* AutoSessionTrackerIntegration.swift */,
			);
			path = Session;
			sourceTree = "<group>";
		};
		CFA6ADAE2E21727E00DE14E6 /* Session */ = {
			isa = PBXGroup;
			children = (
				CFA6ADAF2E21735D00DE14E6 /* Session.swift */,
			);
			path = Session;
			sourceTree = "<group>";
		};
		CFA6ADB12E21A91A00DE14E6 /* Installation */ = {
			isa = PBXGroup;
			children = (
				CFA6ADB22E21A92400DE14E6 /* Installation.swift */,
			);
			path = Installation;
			sourceTree = "<group>";
		};
		CFA6ADB42E21B06700DE14E6 /* Storage */ = {
			isa = PBXGroup;
			children = (
				CFA6ADC22E21B11000DE14E6 /* FileSystem */,
				CFA6ADB62E21B0E600DE14E6 /* InMemory */,
				CFA6ADBC2E21B0E600DE14E6 /* UserDefaults */,
				CFA6ADBA2E21B0E600DE14E6 /* Storage.swift */,
				CFA6ADC82E21D91600DE14E6 /* StorageKey.swift */,
			);
			path = Storage;
			sourceTree = "<group>";
		};
		CFA6ADB62E21B0E600DE14E6 /* InMemory */ = {
			isa = PBXGroup;
			children = (
				CFA6ADB52E21B0E600DE14E6 /* InMemoryStorage.swift */,
			);
			path = InMemory;
			sourceTree = "<group>";
		};
		CFA6ADBC2E21B0E600DE14E6 /* UserDefaults */ = {
			isa = PBXGroup;
			children = (
				CFA6ADBB2E21B0E600DE14E6 /* UserDefaultsStorage.swift */,
			);
			path = UserDefaults;
			sourceTree = "<group>";
		};
		CFA6ADC22E21B11000DE14E6 /* FileSystem */ = {
			isa = PBXGroup;
			children = (
				CFA6ADC62E21B48E00DE14E6 /* FileSystemStorage.swift */,
			);
			path = FileSystem;
			sourceTree = "<group>";
		};
		CFA6ADC42E21B38400DE14E6 /* Error */ = {
			isa = PBXGroup;
			children = (
				CF7779352E255CA000BDA2F8 /* UploaderErrorReason.swift */,
				CFA6ADC32E21B38400DE14E6 /* StorageErrorReason.swift */,
			);
			path = Error;
			sourceTree = "<group>";
		};
		CFA6AE092E21DCDA00DE14E6 /* DI */ = {
			isa = PBXGroup;
			children = (
				CFA6AE0A2E21DCE000DE14E6 /* DI.swift */,
			);
			path = DI;
			sourceTree = "<group>";
		};
		CFCA614C2E15CB0800FE88CC /* Sources */ = {
			isa = PBXGroup;
			children = (
				CF35FABB2E1C988B003D218C /* Core */,
				CFA6AE092E21DCDA00DE14E6 /* DI */,
				CFA6ADC42E21B38400DE14E6 /* Error */,
				CF35FAB62E1C7486003D218C /* Extensions */,
				CF35FAC32E1DBDBD003D218C /* Integrations */,
				CFA6ADAA2E21587100DE14E6 /* Processor */,
				CFA6ADB42E21B06700DE14E6 /* Storage */,
				CF2BF7822E16BCC90031ED3F /* Subscriber */,
				CFCA61572E15CCB900FE88CC /* TelemetryReport.swift */,
				CFCA61542E15CC2800FE88CC /* TelemetryManager.swift */,
				CFCA614A2E15CB0800FE88CC /* Telemetry.h */,
				CFCA614B2E15CB0800FE88CC /* Telemetry.docc */,
			);
			path = Sources;
			sourceTree = "<group>";
		};
		CFCA61502E15CB4000FE88CC /* Tests */ = {
			isa = PBXGroup;
			children = (
				CF1455122E25C1EF00F8E23D /* Processor */,
				CF14550F2E25C18C00F8E23D /* Mocks */,
				CFCA614F2E15CB4000FE88CC /* TelemetryTests.swift */,
			);
			path = Tests;
			sourceTree = "<group>";
		};
		CFCA61592E15CCFF00FE88CC /* Breadcrumb */ = {
			isa = PBXGroup;
			children = (
				CFCA615C2E15CDAD00FE88CC /* Breadcrumb.swift */,
			);
			path = Breadcrumb;
			sourceTree = "<group>";
		};
		CFFE856C2E15C80F00DAB430 = {
			isa = PBXGroup;
			children = (
				CFCA614C2E15CB0800FE88CC /* Sources */,
				CFCA61502E15CB4000FE88CC /* Tests */,
				CF6256272E1E0FEF0078B3D2 /* Frameworks */,
				CFFE85772E15C80F00DAB430 /* Products */,
			);
			sourceTree = "<group>";
		};
		CFFE85772E15C80F00DAB430 /* Products */ = {
			isa = PBXGroup;
			children = (
				CFFE85762E15C80F00DAB430 /* Telemetry.framework */,
				CFFE85802E15C80F00DAB430 /* TelemetryTests.xctest */,
			);
			name = Products;
			sourceTree = "<group>";
		};
/* End PBXGroup section */

/* Begin PBXHeadersBuildPhase section */
		CFFE85712E15C80F00DAB430 /* Headers */ = {
			isa = PBXHeadersBuildPhase;
			buildActionMask = 2147483647;
			files = (
				CFCA614D2E15CB0800FE88CC /* Telemetry.h in Headers */,
			);
			runOnlyForDeploymentPostprocessing = 0;
		};
/* End PBXHeadersBuildPhase section */

/* Begin PBXNativeTarget section */
		CFFE85752E15C80F00DAB430 /* Telemetry */ = {
			isa = PBXNativeTarget;
			buildConfigurationList = CFFE85892E15C80F00DAB430 /* Build configuration list for PBXNativeTarget "Telemetry" */;
			buildPhases = (
				CFFE85712E15C80F00DAB430 /* Headers */,
				CFFE85722E15C80F00DAB430 /* Sources */,
				CFFE85732E15C80F00DAB430 /* Frameworks */,
				CFFE85742E15C80F00DAB430 /* Resources */,
				CF62562B2E1E0FEF0078B3D2 /* Embed Frameworks */,
			);
			buildRules = (
			);
			dependencies = (
			);
			name = Telemetry;
			packageProductDependencies = (
				CF1455092E25A19C00F8E23D /* AWSClientRuntime */,
				CF14550B2E25A19C00F8E23D /* AWSS3 */,
				CF14550D2E25A52500F8E23D /* AWSSDKIdentity */,
			);
			productName = Telemetry;
			productReference = CFFE85762E15C80F00DAB430 /* Telemetry.framework */;
			productType = "com.apple.product-type.framework";
		};
		CFFE857F2E15C80F00DAB430 /* TelemetryTests */ = {
			isa = PBXNativeTarget;
			buildConfigurationList = CFFE858E2E15C80F00DAB430 /* Build configuration list for PBXNativeTarget "TelemetryTests" */;
			buildPhases = (
				CFFE857C2E15C80F00DAB430 /* Sources */,
				CFFE857D2E15C80F00DAB430 /* Frameworks */,
				CFFE857E2E15C80F00DAB430 /* Resources */,
			);
			buildRules = (
			);
			dependencies = (
				CFFE85832E15C80F00DAB430 /* PBXTargetDependency */,
			);
			name = TelemetryTests;
			packageProductDependencies = (
			);
			productName = TelemetryTests;
			productReference = CFFE85802E15C80F00DAB430 /* TelemetryTests.xctest */;
			productType = "com.apple.product-type.bundle.unit-test";
		};
/* End PBXNativeTarget section */

/* Begin PBXProject section */
		CFFE856D2E15C80F00DAB430 /* Project object */ = {
			isa = PBXProject;
			attributes = {
				BuildIndependentTargetsInParallel = 1;
				LastSwiftUpdateCheck = 1600;
				LastUpgradeCheck = 1600;
				TargetAttributes = {
					CFFE85752E15C80F00DAB430 = {
						CreatedOnToolsVersion = 16.0;
					};
					CFFE857F2E15C80F00DAB430 = {
						CreatedOnToolsVersion = 16.0;
					};
				};
			};
			buildConfigurationList = CFFE85702E15C80F00DAB430 /* Build configuration list for PBXProject "Telemetry" */;
			developmentRegion = en;
			hasScannedForEncodings = 0;
			knownRegions = (
				en,
				Base,
			);
			mainGroup = CFFE856C2E15C80F00DAB430;
			minimizedProjectReferenceProxies = 1;
			packageReferences = (
				CF1455082E25A19C00F8E23D /* XCRemoteSwiftPackageReference "aws-sdk-swift" */,
			);
			preferredProjectObjectVersion = 77;
			productRefGroup = CFFE85772E15C80F00DAB430 /* Products */;
			projectDirPath = "";
			projectRoot = "";
			targets = (
				CFFE85752E15C80F00DAB430 /* Telemetry */,
				CFFE857F2E15C80F00DAB430 /* TelemetryTests */,
			);
		};
/* End PBXProject section */

/* Begin PBXResourcesBuildPhase section */
		CFFE85742E15C80F00DAB430 /* Resources */ = {
			isa = PBXResourcesBuildPhase;
			buildActionMask = 2147483647;
			files = (
			);
			runOnlyForDeploymentPostprocessing = 0;
		};
		CFFE857E2E15C80F00DAB430 /* Resources */ = {
			isa = PBXResourcesBuildPhase;
			buildActionMask = 2147483647;
			files = (
			);
			runOnlyForDeploymentPostprocessing = 0;
		};
/* End PBXResourcesBuildPhase section */

/* Begin PBXSourcesBuildPhase section */
		CFFE85722E15C80F00DAB430 /* Sources */ = {
			isa = PBXSourcesBuildPhase;
			buildActionMask = 2147483647;
			files = (
				CFCA61582E15CCBC00FE88CC /* TelemetryReport.swift in Sources */,
				CF35FAC22E1CB605003D218C /* ContextProvider.swift in Sources */,
				CF62561F2E1E07F70078B3D2 /* RuntimeContextProvider.swift in Sources */,
				CFCA614E2E15CB0800FE88CC /* Telemetry.docc in Sources */,
				CFA6ADC72E21B49500DE14E6 /* FileSystemStorage.swift in Sources */,
				CF77792F2E254D5F00BDA2F8 /* S3Uploader.swift in Sources */,
				CF35FAC52E1DBDD4003D218C /* TelemetryIntegration.swift in Sources */,
				CFA6ADB32E21A92800DE14E6 /* Installation.swift in Sources */,
				CF2BF7842E16BE440031ED3F /* UploadProcessor.swift in Sources */,
				CF35FAB82E1C74AD003D218C /* FileManager+Extension.swift in Sources */,
				CF62561C2E1E07240078B3D2 /* TelemetrySubscriber.swift in Sources */,
				CFA6ADB02E21736300DE14E6 /* Session.swift in Sources */,
				CFCA615D2E15CDB400FE88CC /* Breadcrumb.swift in Sources */,
				CF7779362E255CA300BDA2F8 /* UploaderErrorReason.swift in Sources */,
				CF77792C2E254D3000BDA2F8 /* Uploader.swift in Sources */,
				CFC061A02E26BFF200C35D4D /* S3ClientProvider.swift in Sources */,
				CFCA615B2E15CD0C00FE88CC /* RingBuffer.swift in Sources */,
				CFCA61552E15CC2E00FE88CC /* TelemetryManager.swift in Sources */,
				CFA6ADAD2E2162DE00DE14E6 /* AutoSessionTrackerIntegration.swift in Sources */,
				CFA6ADC52E21B38400DE14E6 /* StorageErrorReason.swift in Sources */,
				CFA6AE0B2E21DCE200DE14E6 /* DI.swift in Sources */,
				CFA6ADBF2E21B0E600DE14E6 /* InMemoryStorage.swift in Sources */,
				CFA6ADC02E21B0E600DE14E6 /* UserDefaultsStorage.swift in Sources */,
				CFA6ADC12E21B0E600DE14E6 /* Storage.swift in Sources */,
				CFA6ADC92E21D91A00DE14E6 /* StorageKey.swift in Sources */,
				CF35FABF2E1C9F1E003D218C /* StackFrame.swift in Sources */,
				CFA6ACA02E20485600DE14E6 /* Metadata.swift in Sources */,
				CF35FABA2E1C9831003D218C /* Severity.swift in Sources */,
				CF6256212E1E081E0078B3D2 /* Context.swift in Sources */,
				CF35FAC82E1DBFC1003D218C /* SystemEventTrackerIntegration.swift in Sources */,
			);
			runOnlyForDeploymentPostprocessing = 0;
		};
		CFFE857C2E15C80F00DAB430 /* Sources */ = {
			isa = PBXSourcesBuildPhase;
			buildActionMask = 2147483647;
			files = (
				CF1455112E25C19500F8E23D /* S3ClientMock.swift in Sources */,
				CFC061A32E26C13600C35D4D /* S3ClientProviderTests.swift in Sources */,
				CFCA61512E15CB4000FE88CC /* TelemetryTests.swift in Sources */,
				CF1455152E25C21600F8E23D /* S3UploaderTests.swift in Sources */,
			);
			runOnlyForDeploymentPostprocessing = 0;
		};
/* End PBXSourcesBuildPhase section */

/* Begin PBXTargetDependency section */
		CFFE85832E15C80F00DAB430 /* PBXTargetDependency */ = {
			isa = PBXTargetDependency;
			target = CFFE85752E15C80F00DAB430 /* Telemetry */;
			targetProxy = CFFE85822E15C80F00DAB430 /* PBXContainerItemProxy */;
		};
/* End PBXTargetDependency section */

/* Begin XCBuildConfiguration section */
		CFFE858A2E15C80F00DAB430 /* Debug */ = {
			isa = XCBuildConfiguration;
			buildSettings = {
				BUILD_LIBRARY_FOR_DISTRIBUTION = YES;
				CODE_SIGN_STYLE = Automatic;
				CURRENT_PROJECT_VERSION = 1;
				DEFINES_MODULE = YES;
				DYLIB_COMPATIBILITY_VERSION = 1;
				DYLIB_CURRENT_VERSION = 1;
				DYLIB_INSTALL_NAME_BASE = "@rpath";
				ENABLE_MODULE_VERIFIER = YES;
				GENERATE_INFOPLIST_FILE = YES;
				INFOPLIST_KEY_NSHumanReadableCopyright = "";
				INSTALL_PATH = "$(LOCAL_LIBRARY_DIR)/Frameworks";
				IPHONEOS_DEPLOYMENT_TARGET = 15;
				LD_RUNPATH_SEARCH_PATHS = (
					"$(inherited)",
					"@executable_path/Frameworks",
					"@loader_path/Frameworks",
				);
				MARKETING_VERSION = 1.0;
				MODULE_VERIFIER_SUPPORTED_LANGUAGES = "objective-c objective-c++";
				MODULE_VERIFIER_SUPPORTED_LANGUAGE_STANDARDS = "gnu17 gnu++20";
				PRODUCT_BUNDLE_IDENTIFIER = com.Telemetry;
				PRODUCT_NAME = "$(TARGET_NAME:c99extidentifier)";
				SKIP_INSTALL = YES;
				SWIFT_EMIT_LOC_STRINGS = YES;
				SWIFT_INSTALL_OBJC_HEADER = NO;
				SWIFT_VERSION = 5.0;
				TARGETED_DEVICE_FAMILY = "1,2";
			};
			name = Debug;
		};
		CFFE858B2E15C80F00DAB430 /* Release */ = {
			isa = XCBuildConfiguration;
			buildSettings = {
				BUILD_LIBRARY_FOR_DISTRIBUTION = YES;
				CODE_SIGN_STYLE = Automatic;
				CURRENT_PROJECT_VERSION = 1;
				DEFINES_MODULE = YES;
				DYLIB_COMPATIBILITY_VERSION = 1;
				DYLIB_CURRENT_VERSION = 1;
				DYLIB_INSTALL_NAME_BASE = "@rpath";
				ENABLE_MODULE_VERIFIER = YES;
				GENERATE_INFOPLIST_FILE = YES;
				INFOPLIST_KEY_NSHumanReadableCopyright = "";
				INSTALL_PATH = "$(LOCAL_LIBRARY_DIR)/Frameworks";
				IPHONEOS_DEPLOYMENT_TARGET = 15;
				LD_RUNPATH_SEARCH_PATHS = (
					"$(inherited)",
					"@executable_path/Frameworks",
					"@loader_path/Frameworks",
				);
				MARKETING_VERSION = 1.0;
				MODULE_VERIFIER_SUPPORTED_LANGUAGES = "objective-c objective-c++";
				MODULE_VERIFIER_SUPPORTED_LANGUAGE_STANDARDS = "gnu17 gnu++20";
				PRODUCT_BUNDLE_IDENTIFIER = com.Telemetry;
				PRODUCT_NAME = "$(TARGET_NAME:c99extidentifier)";
				SKIP_INSTALL = YES;
				SWIFT_EMIT_LOC_STRINGS = YES;
				SWIFT_INSTALL_OBJC_HEADER = NO;
				SWIFT_VERSION = 5.0;
				TARGETED_DEVICE_FAMILY = "1,2";
			};
			name = Release;
		};
		CFFE858C2E15C80F00DAB430 /* Debug */ = {
			isa = XCBuildConfiguration;
			buildSettings = {
				ALWAYS_SEARCH_USER_PATHS = NO;
				ASSETCATALOG_COMPILER_GENERATE_SWIFT_ASSET_SYMBOL_EXTENSIONS = YES;
				CLANG_ANALYZER_NONNULL = YES;
				CLANG_ANALYZER_NUMBER_OBJECT_CONVERSION = YES_AGGRESSIVE;
				CLANG_CXX_LANGUAGE_STANDARD = "gnu++20";
				CLANG_ENABLE_MODULES = YES;
				CLANG_ENABLE_OBJC_ARC = YES;
				CLANG_ENABLE_OBJC_WEAK = YES;
				CLANG_WARN_BLOCK_CAPTURE_AUTORELEASING = YES;
				CLANG_WARN_BOOL_CONVERSION = YES;
				CLANG_WARN_COMMA = YES;
				CLANG_WARN_CONSTANT_CONVERSION = YES;
				CLANG_WARN_DEPRECATED_OBJC_IMPLEMENTATIONS = YES;
				CLANG_WARN_DIRECT_OBJC_ISA_USAGE = YES_ERROR;
				CLANG_WARN_DOCUMENTATION_COMMENTS = YES;
				CLANG_WARN_EMPTY_BODY = YES;
				CLANG_WARN_ENUM_CONVERSION = YES;
				CLANG_WARN_INFINITE_RECURSION = YES;
				CLANG_WARN_INT_CONVERSION = YES;
				CLANG_WARN_NON_LITERAL_NULL_CONVERSION = YES;
				CLANG_WARN_OBJC_IMPLICIT_RETAIN_SELF = YES;
				CLANG_WARN_OBJC_LITERAL_CONVERSION = YES;
				CLANG_WARN_OBJC_ROOT_CLASS = YES_ERROR;
				CLANG_WARN_QUOTED_INCLUDE_IN_FRAMEWORK_HEADER = YES;
				CLANG_WARN_RANGE_LOOP_ANALYSIS = YES;
				CLANG_WARN_STRICT_PROTOTYPES = YES;
				CLANG_WARN_SUSPICIOUS_MOVE = YES;
				CLANG_WARN_UNGUARDED_AVAILABILITY = YES_AGGRESSIVE;
				CLANG_WARN_UNREACHABLE_CODE = YES;
				CLANG_WARN__DUPLICATE_METHOD_MATCH = YES;
				COPY_PHASE_STRIP = NO;
				CURRENT_PROJECT_VERSION = 1;
				DEBUG_INFORMATION_FORMAT = dwarf;
				ENABLE_STRICT_OBJC_MSGSEND = YES;
				ENABLE_TESTABILITY = YES;
				ENABLE_USER_SCRIPT_SANDBOXING = YES;
				GCC_C_LANGUAGE_STANDARD = gnu17;
				GCC_DYNAMIC_NO_PIC = NO;
				GCC_NO_COMMON_BLOCKS = YES;
				GCC_OPTIMIZATION_LEVEL = 0;
				GCC_PREPROCESSOR_DEFINITIONS = (
					"DEBUG=1",
					"$(inherited)",
				);
				GCC_WARN_64_TO_32_BIT_CONVERSION = YES;
				GCC_WARN_ABOUT_RETURN_TYPE = YES_ERROR;
				GCC_WARN_UNDECLARED_SELECTOR = YES;
				GCC_WARN_UNINITIALIZED_AUTOS = YES_AGGRESSIVE;
				GCC_WARN_UNUSED_FUNCTION = YES;
				GCC_WARN_UNUSED_VARIABLE = YES;
				IPHONEOS_DEPLOYMENT_TARGET = 18.0;
				LOCALIZATION_PREFERS_STRING_CATALOGS = YES;
				MTL_ENABLE_DEBUG_INFO = INCLUDE_SOURCE;
				MTL_FAST_MATH = YES;
				ONLY_ACTIVE_ARCH = YES;
				SDKROOT = iphoneos;
				SWIFT_ACTIVE_COMPILATION_CONDITIONS = "DEBUG $(inherited)";
				SWIFT_OPTIMIZATION_LEVEL = "-Onone";
				VERSIONING_SYSTEM = "apple-generic";
				VERSION_INFO_PREFIX = "";
			};
			name = Debug;
		};
		CFFE858D2E15C80F00DAB430 /* Release */ = {
			isa = XCBuildConfiguration;
			buildSettings = {
				ALWAYS_SEARCH_USER_PATHS = NO;
				ASSETCATALOG_COMPILER_GENERATE_SWIFT_ASSET_SYMBOL_EXTENSIONS = YES;
				CLANG_ANALYZER_NONNULL = YES;
				CLANG_ANALYZER_NUMBER_OBJECT_CONVERSION = YES_AGGRESSIVE;
				CLANG_CXX_LANGUAGE_STANDARD = "gnu++20";
				CLANG_ENABLE_MODULES = YES;
				CLANG_ENABLE_OBJC_ARC = YES;
				CLANG_ENABLE_OBJC_WEAK = YES;
				CLANG_WARN_BLOCK_CAPTURE_AUTORELEASING = YES;
				CLANG_WARN_BOOL_CONVERSION = YES;
				CLANG_WARN_COMMA = YES;
				CLANG_WARN_CONSTANT_CONVERSION = YES;
				CLANG_WARN_DEPRECATED_OBJC_IMPLEMENTATIONS = YES;
				CLANG_WARN_DIRECT_OBJC_ISA_USAGE = YES_ERROR;
				CLANG_WARN_DOCUMENTATION_COMMENTS = YES;
				CLANG_WARN_EMPTY_BODY = YES;
				CLANG_WARN_ENUM_CONVERSION = YES;
				CLANG_WARN_INFINITE_RECURSION = YES;
				CLANG_WARN_INT_CONVERSION = YES;
				CLANG_WARN_NON_LITERAL_NULL_CONVERSION = YES;
				CLANG_WARN_OBJC_IMPLICIT_RETAIN_SELF = YES;
				CLANG_WARN_OBJC_LITERAL_CONVERSION = YES;
				CLANG_WARN_OBJC_ROOT_CLASS = YES_ERROR;
				CLANG_WARN_QUOTED_INCLUDE_IN_FRAMEWORK_HEADER = YES;
				CLANG_WARN_RANGE_LOOP_ANALYSIS = YES;
				CLANG_WARN_STRICT_PROTOTYPES = YES;
				CLANG_WARN_SUSPICIOUS_MOVE = YES;
				CLANG_WARN_UNGUARDED_AVAILABILITY = YES_AGGRESSIVE;
				CLANG_WARN_UNREACHABLE_CODE = YES;
				CLANG_WARN__DUPLICATE_METHOD_MATCH = YES;
				COPY_PHASE_STRIP = NO;
				CURRENT_PROJECT_VERSION = 1;
				DEBUG_INFORMATION_FORMAT = "dwarf-with-dsym";
				ENABLE_NS_ASSERTIONS = NO;
				ENABLE_STRICT_OBJC_MSGSEND = YES;
				ENABLE_USER_SCRIPT_SANDBOXING = YES;
				GCC_C_LANGUAGE_STANDARD = gnu17;
				GCC_NO_COMMON_BLOCKS = YES;
				GCC_WARN_64_TO_32_BIT_CONVERSION = YES;
				GCC_WARN_ABOUT_RETURN_TYPE = YES_ERROR;
				GCC_WARN_UNDECLARED_SELECTOR = YES;
				GCC_WARN_UNINITIALIZED_AUTOS = YES_AGGRESSIVE;
				GCC_WARN_UNUSED_FUNCTION = YES;
				GCC_WARN_UNUSED_VARIABLE = YES;
				IPHONEOS_DEPLOYMENT_TARGET = 18.0;
				LOCALIZATION_PREFERS_STRING_CATALOGS = YES;
				MTL_ENABLE_DEBUG_INFO = NO;
				MTL_FAST_MATH = YES;
				SDKROOT = iphoneos;
				SWIFT_COMPILATION_MODE = wholemodule;
				VALIDATE_PRODUCT = YES;
				VERSIONING_SYSTEM = "apple-generic";
				VERSION_INFO_PREFIX = "";
			};
			name = Release;
		};
		CFFE858F2E15C80F00DAB430 /* Debug */ = {
			isa = XCBuildConfiguration;
			buildSettings = {
				CODE_SIGN_STYLE = Automatic;
				CURRENT_PROJECT_VERSION = 1;
				GENERATE_INFOPLIST_FILE = YES;
				MARKETING_VERSION = 1.0;
				PRODUCT_BUNDLE_IDENTIFIER = com.TelemetryTests;
				PRODUCT_NAME = "$(TARGET_NAME)";
				SWIFT_EMIT_LOC_STRINGS = NO;
				SWIFT_VERSION = 5.0;
				TARGETED_DEVICE_FAMILY = "1,2";
			};
			name = Debug;
		};
		CFFE85902E15C80F00DAB430 /* Release */ = {
			isa = XCBuildConfiguration;
			buildSettings = {
				CODE_SIGN_STYLE = Automatic;
				CURRENT_PROJECT_VERSION = 1;
				GENERATE_INFOPLIST_FILE = YES;
				MARKETING_VERSION = 1.0;
				PRODUCT_BUNDLE_IDENTIFIER = com.TelemetryTests;
				PRODUCT_NAME = "$(TARGET_NAME)";
				SWIFT_EMIT_LOC_STRINGS = NO;
				SWIFT_VERSION = 5.0;
				TARGETED_DEVICE_FAMILY = "1,2";
			};
			name = Release;
		};
/* End XCBuildConfiguration section */

/* Begin XCConfigurationList section */
		CFFE85702E15C80F00DAB430 /* Build configuration list for PBXProject "Telemetry" */ = {
			isa = XCConfigurationList;
			buildConfigurations = (
				CFFE858C2E15C80F00DAB430 /* Debug */,
				CFFE858D2E15C80F00DAB430 /* Release */,
			);
			defaultConfigurationIsVisible = 0;
			defaultConfigurationName = Release;
		};
		CFFE85892E15C80F00DAB430 /* Build configuration list for PBXNativeTarget "Telemetry" */ = {
			isa = XCConfigurationList;
			buildConfigurations = (
				CFFE858A2E15C80F00DAB430 /* Debug */,
				CFFE858B2E15C80F00DAB430 /* Release */,
			);
			defaultConfigurationIsVisible = 0;
			defaultConfigurationName = Release;
		};
		CFFE858E2E15C80F00DAB430 /* Build configuration list for PBXNativeTarget "TelemetryTests" */ = {
			isa = XCConfigurationList;
			buildConfigurations = (
				CFFE858F2E15C80F00DAB430 /* Debug */,
				CFFE85902E15C80F00DAB430 /* Release */,
			);
			defaultConfigurationIsVisible = 0;
			defaultConfigurationName = Release;
		};
/* End XCConfigurationList section */

/* Begin XCRemoteSwiftPackageReference section */
		CF1455082E25A19C00F8E23D /* XCRemoteSwiftPackageReference "aws-sdk-swift" */ = {
			isa = XCRemoteSwiftPackageReference;
			repositoryURL = "https://github.com/awslabs/aws-sdk-swift.git";
			requirement = {
				kind = upToNextMajorVersion;
				minimumVersion = 1.3.51;
			};
		};
/* End XCRemoteSwiftPackageReference section */

/* Begin XCSwiftPackageProductDependency section */
		CF1455092E25A19C00F8E23D /* AWSClientRuntime */ = {
			isa = XCSwiftPackageProductDependency;
			package = CF1455082E25A19C00F8E23D /* XCRemoteSwiftPackageReference "aws-sdk-swift" */;
			productName = AWSClientRuntime;
		};
		CF14550B2E25A19C00F8E23D /* AWSS3 */ = {
			isa = XCSwiftPackageProductDependency;
			package = CF1455082E25A19C00F8E23D /* XCRemoteSwiftPackageReference "aws-sdk-swift" */;
			productName = AWSS3;
		};
		CF14550D2E25A52500F8E23D /* AWSSDKIdentity */ = {
			isa = XCSwiftPackageProductDependency;
			package = CF1455082E25A19C00F8E23D /* XCRemoteSwiftPackageReference "aws-sdk-swift" */;
			productName = AWSSDKIdentity;
		};
/* End XCSwiftPackageProductDependency section */
	};
	rootObject = CFFE856D2E15C80F00DAB430 /* Project object */;
}
