{
  "originHash" : "83e6938af5426c2e30ae02e2177356242e9c9334338a0a37ab316cded85947bb",
  "pins" : [
    {
      "identity" : "aws-sdk-ios-spm",
      "kind" : "remoteSourceControl",
      "location" : "https://github.com/aws-amplify/aws-sdk-ios-spm",
      "state" : {
        "revision" : "ca31418963a90bac80538e13f6b7af87ea14d279",
        "version" : "2.33.4"
      }
    },
    {
      "identity" : "truvideo-sdk-ios-core",
      "kind" : "remoteSourceControl",
      "location" : "https://github.com/Truvideo/truvideo-sdk-ios-core",
      "state" : {
        "revision" : "1b311d46e8b91def5c7ee250c1c4deab9e958603",
        "version" : "76.2.1"
      }
    }
  ],
  "version" : 3
}
