// !$*UTF8*$!
{
	archiveVersion = 1;
	classes = {
	};
	objectVersion = 56;
	objects = {

/* Begin PBXAggregateTarget section */
		CF642F482A99391200E674CC /* Core-Builder */ = {
			isa = PBXAggregateTarget;
			buildConfigurationList = CF642F492A99391200E674CC /* Build configuration list for PBXAggregateTarget "Core-Builder" */;
			buildPhases = (
				CF642F4C2A99392800E674CC /* ShellScript */,
			);
			dependencies = (
			);
			name = "Core-Builder";
			productName = "Core-Script";
		};
/* End PBXAggregateTarget section */

/* Begin PBXBuildFile section */
		CF642E7D2A98FBEE00E674CC /* Core.docc in Sources */ = {isa = PBXBuildFile; fileRef = CF642E7C2A98FBEE00E674CC /* Core.docc */; };
		CF642E832A98FBEE00E674CC /* Core.framework in Frameworks */ = {isa = PBXBuildFile; fileRef = CF642E782A98FBEE00E674CC /* Core.framework */; };
		CF642E882A98FBEE00E674CC /* CoreTests.swift in Sources */ = {isa = PBXBuildFile; fileRef = CF642E872A98FBEE00E674CC /* CoreTests.swift */; };
		CF642E892A98FBEE00E674CC /* Core.h in Headers */ = {isa = PBXBuildFile; fileRef = CF642E7B2A98FBEE00E674CC /* Core.h */; settings = {ATTRIBUTES = (Public, ); }; };
		CF642E9E2A9900BF00E674CC /* SomeCodable.swift in Sources */ = {isa = PBXBuildFile; fileRef = CF642E962A9900BF00E674CC /* SomeCodable.swift */; };
		CF642E9F2A9900BF00E674CC /* SomeClass.swift in Sources */ = {isa = PBXBuildFile; fileRef = CF642E972A9900BF00E674CC /* SomeClass.swift */; };
		CF642EA12A9900BF00E674CC /* ApiClientMock.swift in Sources */ = {isa = PBXBuildFile; fileRef = CF642E992A9900BF00E674CC /* ApiClientMock.swift */; };
		CF642EA32A9900BF00E674CC /* URLProtocolMock.swift in Sources */ = {isa = PBXBuildFile; fileRef = CF642E9B2A9900BF00E674CC /* URLProtocolMock.swift */; };
		CF642EA52A9900BF00E674CC /* HTTPApiClientMock.swift in Sources */ = {isa = PBXBuildFile; fileRef = CF642E9D2A9900BF00E674CC /* HTTPApiClientMock.swift */; };
		CF642EFC2A990B7900E674CC /* HTTPApiClient+Extension.swift in Sources */ = {isa = PBXBuildFile; fileRef = CF642EF52A99077F00E674CC /* HTTPApiClient+Extension.swift */; };
		CF642EFD2A990B7B00E674CC /* ApiClientMonitor.swift in Sources */ = {isa = PBXBuildFile; fileRef = CF642EF72A99077F00E674CC /* ApiClientMonitor.swift */; };
		CF642EFE2A990B9000E674CC /* RequestMonitor.swift in Sources */ = {isa = PBXBuildFile; fileRef = CF642ECC2A99077F00E674CC /* RequestMonitor.swift */; };
		CF642EFF2A990B9A00E674CC /* ResponseSerializer.swift in Sources */ = {isa = PBXBuildFile; fileRef = CF642ECE2A99077F00E674CC /* ResponseSerializer.swift */; };
		CF642F002A990BA500E674CC /* Operators.swift in Sources */ = {isa = PBXBuildFile; fileRef = CF642ED12A99077F00E674CC /* Operators.swift */; };
		CF642F012A990BAB00E674CC /* Atomic.swift in Sources */ = {isa = PBXBuildFile; fileRef = CF642ED32A99077F00E674CC /* Atomic.swift */; };
		CF642F022A990BAF00E674CC /* Response.swift in Sources */ = {isa = PBXBuildFile; fileRef = CF642ED52A99077F00E674CC /* Response.swift */; };
		CF642F032A990BB200E674CC /* HTTPApiClient.swift in Sources */ = {isa = PBXBuildFile; fileRef = CF642ED62A99077F00E674CC /* HTTPApiClient.swift */; };
		CF642F042A990BBE00E674CC /* HTTPHeaders.swift in Sources */ = {isa = PBXBuildFile; fileRef = CF642ED82A99077F00E674CC /* HTTPHeaders.swift */; };
		CF642F052A990BC100E674CC /* AsyncDataTask.swift in Sources */ = {isa = PBXBuildFile; fileRef = CF642EDA2A99077F00E674CC /* AsyncDataTask.swift */; };
		CF642F062A990BC500E674CC /* Request.swift in Sources */ = {isa = PBXBuildFile; fileRef = CF642EDC2A99077F00E674CC /* Request.swift */; };
		CF642F072A990BCB00E674CC /* NetworkError.swift in Sources */ = {isa = PBXBuildFile; fileRef = CF642EDE2A99077F00E674CC /* NetworkError.swift */; };
		CF642F082A990BD200E674CC /* RequestInterceptor.swift in Sources */ = {isa = PBXBuildFile; fileRef = CF642EE02A99077F00E674CC /* RequestInterceptor.swift */; };
		CF642F092A990BDD00E674CC /* ResponseDTO.swift in Sources */ = {isa = PBXBuildFile; fileRef = CF642EF92A99077F00E674CC /* ResponseDTO.swift */; };
		CF642F0A2A990BE200E674CC /* BearerTokenRequestRetrier.swift in Sources */ = {isa = PBXBuildFile; fileRef = CF642EF32A99077F00E674CC /* BearerTokenRequestRetrier.swift */; };
		CF642F0B2A990BE700E674CC /* Storage.swift in Sources */ = {isa = PBXBuildFile; fileRef = CF642EE42A99077F00E674CC /* Storage.swift */; };
		CF642F0C2A990BEC00E674CC /* UserDefaultStorage.swift in Sources */ = {isa = PBXBuildFile; fileRef = CF642EE62A99077F00E674CC /* UserDefaultStorage.swift */; };
		CF642F0D2A990BF000E674CC /* InMemoryStorage.swift in Sources */ = {isa = PBXBuildFile; fileRef = CF642EE82A99077F00E674CC /* InMemoryStorage.swift */; };
		CF642F0E2A990BF500E674CC /* KeychainStorage.swift in Sources */ = {isa = PBXBuildFile; fileRef = CF642EEA2A99077F00E674CC /* KeychainStorage.swift */; };
		CF642F0F2A990BFA00E674CC /* StorageError.swift in Sources */ = {isa = PBXBuildFile; fileRef = CF642EEC2A99077F00E674CC /* StorageError.swift */; };
		CF642F102A990BFE00E674CC /* BearerTokenProvider.swift in Sources */ = {isa = PBXBuildFile; fileRef = CF642EEE2A99077F00E674CC /* BearerTokenProvider.swift */; };
		CF642F112A990C0200E674CC /* TokenProvider.swift in Sources */ = {isa = PBXBuildFile; fileRef = CF642EF12A99077F00E674CC /* TokenProvider.swift */; };
		CF642F122A990C0600E674CC /* AuthToken.swift in Sources */ = {isa = PBXBuildFile; fileRef = CF642EF02A99077F00E674CC /* AuthToken.swift */; };
		CF642F132A990C0F00E674CC /* RequestValidator.swift in Sources */ = {isa = PBXBuildFile; fileRef = CF642EE22A99077F00E674CC /* RequestValidator.swift */; };
		CF642F162A990C7E00E674CC /* Alamofire in Frameworks */ = {isa = PBXBuildFile; productRef = CF642F152A990C7E00E674CC /* Alamofire */; };
		CF642F192A990CD000E674CC /* KeychainAccess in Frameworks */ = {isa = PBXBuildFile; productRef = CF642F182A990CD000E674CC /* KeychainAccess */; };
		CF642F1C2A990D0900E674CC /* CoreError.swift in Sources */ = {isa = PBXBuildFile; fileRef = CF642F1B2A990D0900E674CC /* CoreError.swift */; };
		CF642F202A990DDD00E674CC /* bin-response.json in Resources */ = {isa = PBXBuildFile; fileRef = CF642F1E2A990DDC00E674CC /* bin-response.json */; };
		CF642F212A990DDD00E674CC /* error-response.json in Resources */ = {isa = PBXBuildFile; fileRef = CF642F1F2A990DDC00E674CC /* error-response.json */; };
		CF642F262A99165C00E674CC /* TokenProviderMock.swift in Sources */ = {isa = PBXBuildFile; fileRef = CF642F242A99165C00E674CC /* TokenProviderMock.swift */; };
		CF642F272A99165C00E674CC /* StorageMock.swift in Sources */ = {isa = PBXBuildFile; fileRef = CF642F252A99165C00E674CC /* StorageMock.swift */; };
		CF642F3E2A99168600E674CC /* ApiClientMonitorTests.swift in Sources */ = {isa = PBXBuildFile; fileRef = CF642F2A2A99168600E674CC /* ApiClientMonitorTests.swift */; };
		CF642F3F2A99168600E674CC /* HTTPHeadersTests.swift in Sources */ = {isa = PBXBuildFile; fileRef = CF642F2C2A99168600E674CC /* HTTPHeadersTests.swift */; };
		CF642F402A99168600E674CC /* AuthTokenTests.swift in Sources */ = {isa = PBXBuildFile; fileRef = CF642F2F2A99168600E674CC /* AuthTokenTests.swift */; };
		CF642F412A99168600E674CC /* BearerTokenProviderTests.swift in Sources */ = {isa = PBXBuildFile; fileRef = CF642F302A99168600E674CC /* BearerTokenProviderTests.swift */; };
		CF642F422A99168600E674CC /* OperatorsTests.swift in Sources */ = {isa = PBXBuildFile; fileRef = CF642F322A99168600E674CC /* OperatorsTests.swift */; };
		CF642F432A99168600E674CC /* UserDefaultStorageTests.swift in Sources */ = {isa = PBXBuildFile; fileRef = CF642F352A99168600E674CC /* UserDefaultStorageTests.swift */; };
		CF642F442A99168600E674CC /* InMemoryStorageTests.swift in Sources */ = {isa = PBXBuildFile; fileRef = CF642F372A99168600E674CC /* InMemoryStorageTests.swift */; };
		CF642F452A99168600E674CC /* StorageErrorTests.swift in Sources */ = {isa = PBXBuildFile; fileRef = CF642F392A99168600E674CC /* StorageErrorTests.swift */; };
		CF642F462A99168600E674CC /* ResponseSerializerTests.swift in Sources */ = {isa = PBXBuildFile; fileRef = CF642F3B2A99168600E674CC /* ResponseSerializerTests.swift */; };
		CF642F472A99168600E674CC /* RequestValidatorTests.swift in Sources */ = {isa = PBXBuildFile; fileRef = CF642F3D2A99168600E674CC /* RequestValidatorTests.swift */; };
		CF642F8D2A99561700E674CC /* CommonAuthenticationClient.swift in Sources */ = {isa = PBXBuildFile; fileRef = CF642F892A99561700E674CC /* CommonAuthenticationClient.swift */; };
		CF642F8E2A99561700E674CC /* HTTPAuthenticationClient.swift in Sources */ = {isa = PBXBuildFile; fileRef = CF642F8B2A99561700E674CC /* HTTPAuthenticationClient.swift */; };
		CF642F8F2A99561700E674CC /* AuthenticationClient.swift in Sources */ = {isa = PBXBuildFile; fileRef = CF642F8C2A99561700E674CC /* AuthenticationClient.swift */; };
/* End PBXBuildFile section */

/* Begin PBXContainerItemProxy section */
		CF642E842A98FBEE00E674CC /* PBXContainerItemProxy */ = {
			isa = PBXContainerItemProxy;
			containerPortal = CF642E6F2A98FBEE00E674CC /* Project object */;
			proxyType = 1;
			remoteGlobalIDString = CF642E772A98FBEE00E674CC;
			remoteInfo = Core;
		};
/* End PBXContainerItemProxy section */

/* Begin PBXCopyFilesBuildPhase section */
		CF642F7D2A99514200E674CC /* Embed Frameworks */ = {
			isa = PBXCopyFilesBuildPhase;
			buildActionMask = 2147483647;
			dstPath = "";
			dstSubfolderSpec = 10;
			files = (
			);
			name = "Embed Frameworks";
			runOnlyForDeploymentPostprocessing = 0;
		};
/* End PBXCopyFilesBuildPhase section */

/* Begin PBXFileReference section */
		CF642E782A98FBEE00E674CC /* Core.framework */ = {isa = PBXFileReference; explicitFileType = wrapper.framework; includeInIndex = 0; path = Core.framework; sourceTree = BUILT_PRODUCTS_DIR; };
		CF642E7B2A98FBEE00E674CC /* Core.h */ = {isa = PBXFileReference; lastKnownFileType = sourcecode.c.h; path = Core.h; sourceTree = "<group>"; };
		CF642E7C2A98FBEE00E674CC /* Core.docc */ = {isa = PBXFileReference; lastKnownFileType = folder.documentationcatalog; path = Core.docc; sourceTree = "<group>"; };
		CF642E822A98FBEE00E674CC /* CoreTests.xctest */ = {isa = PBXFileReference; explicitFileType = wrapper.cfbundle; includeInIndex = 0; path = CoreTests.xctest; sourceTree = BUILT_PRODUCTS_DIR; };
		CF642E872A98FBEE00E674CC /* CoreTests.swift */ = {isa = PBXFileReference; lastKnownFileType = sourcecode.swift; path = CoreTests.swift; sourceTree = "<group>"; };
		CF642E962A9900BF00E674CC /* SomeCodable.swift */ = {isa = PBXFileReference; fileEncoding = 4; lastKnownFileType = sourcecode.swift; path = SomeCodable.swift; sourceTree = "<group>"; };
		CF642E972A9900BF00E674CC /* SomeClass.swift */ = {isa = PBXFileReference; fileEncoding = 4; lastKnownFileType = sourcecode.swift; path = SomeClass.swift; sourceTree = "<group>"; };
		CF642E992A9900BF00E674CC /* ApiClientMock.swift */ = {isa = PBXFileReference; fileEncoding = 4; lastKnownFileType = sourcecode.swift; path = ApiClientMock.swift; sourceTree = "<group>"; };
		CF642E9B2A9900BF00E674CC /* URLProtocolMock.swift */ = {isa = PBXFileReference; fileEncoding = 4; lastKnownFileType = sourcecode.swift; path = URLProtocolMock.swift; sourceTree = "<group>"; };
		CF642E9D2A9900BF00E674CC /* HTTPApiClientMock.swift */ = {isa = PBXFileReference; fileEncoding = 4; lastKnownFileType = sourcecode.swift; path = HTTPApiClientMock.swift; sourceTree = "<group>"; };
		CF642ECC2A99077F00E674CC /* RequestMonitor.swift */ = {isa = PBXFileReference; lastKnownFileType = sourcecode.swift; path = RequestMonitor.swift; sourceTree = "<group>"; };
		CF642ECE2A99077F00E674CC /* ResponseSerializer.swift */ = {isa = PBXFileReference; lastKnownFileType = sourcecode.swift; path = ResponseSerializer.swift; sourceTree = "<group>"; };
		CF642ED12A99077F00E674CC /* Operators.swift */ = {isa = PBXFileReference; lastKnownFileType = sourcecode.swift; path = Operators.swift; sourceTree = "<group>"; };
		CF642ED32A99077F00E674CC /* Atomic.swift */ = {isa = PBXFileReference; lastKnownFileType = sourcecode.swift; path = Atomic.swift; sourceTree = "<group>"; };
		CF642ED52A99077F00E674CC /* Response.swift */ = {isa = PBXFileReference; lastKnownFileType = sourcecode.swift; path = Response.swift; sourceTree = "<group>"; };
		CF642ED62A99077F00E674CC /* HTTPApiClient.swift */ = {isa = PBXFileReference; lastKnownFileType = sourcecode.swift; path = HTTPApiClient.swift; sourceTree = "<group>"; };
		CF642ED82A99077F00E674CC /* HTTPHeaders.swift */ = {isa = PBXFileReference; lastKnownFileType = sourcecode.swift; path = HTTPHeaders.swift; sourceTree = "<group>"; };
		CF642EDA2A99077F00E674CC /* AsyncDataTask.swift */ = {isa = PBXFileReference; lastKnownFileType = sourcecode.swift; path = AsyncDataTask.swift; sourceTree = "<group>"; };
		CF642EDC2A99077F00E674CC /* Request.swift */ = {isa = PBXFileReference; lastKnownFileType = sourcecode.swift; path = Request.swift; sourceTree = "<group>"; };
		CF642EDE2A99077F00E674CC /* NetworkError.swift */ = {isa = PBXFileReference; lastKnownFileType = sourcecode.swift; path = NetworkError.swift; sourceTree = "<group>"; };
		CF642EE02A99077F00E674CC /* RequestInterceptor.swift */ = {isa = PBXFileReference; lastKnownFileType = sourcecode.swift; path = RequestInterceptor.swift; sourceTree = "<group>"; };
		CF642EE22A99077F00E674CC /* RequestValidator.swift */ = {isa = PBXFileReference; lastKnownFileType = sourcecode.swift; path = RequestValidator.swift; sourceTree = "<group>"; };
		CF642EE42A99077F00E674CC /* Storage.swift */ = {isa = PBXFileReference; lastKnownFileType = sourcecode.swift; path = Storage.swift; sourceTree = "<group>"; };
		CF642EE62A99077F00E674CC /* UserDefaultStorage.swift */ = {isa = PBXFileReference; lastKnownFileType = sourcecode.swift; path = UserDefaultStorage.swift; sourceTree = "<group>"; };
		CF642EE82A99077F00E674CC /* InMemoryStorage.swift */ = {isa = PBXFileReference; lastKnownFileType = sourcecode.swift; path = InMemoryStorage.swift; sourceTree = "<group>"; };
		CF642EEA2A99077F00E674CC /* KeychainStorage.swift */ = {isa = PBXFileReference; lastKnownFileType = sourcecode.swift; path = KeychainStorage.swift; sourceTree = "<group>"; };
		CF642EEC2A99077F00E674CC /* StorageError.swift */ = {isa = PBXFileReference; lastKnownFileType = sourcecode.swift; path = StorageError.swift; sourceTree = "<group>"; };
		CF642EEE2A99077F00E674CC /* BearerTokenProvider.swift */ = {isa = PBXFileReference; lastKnownFileType = sourcecode.swift; path = BearerTokenProvider.swift; sourceTree = "<group>"; };
		CF642EF02A99077F00E674CC /* AuthToken.swift */ = {isa = PBXFileReference; lastKnownFileType = sourcecode.swift; path = AuthToken.swift; sourceTree = "<group>"; };
		CF642EF12A99077F00E674CC /* TokenProvider.swift */ = {isa = PBXFileReference; lastKnownFileType = sourcecode.swift; path = TokenProvider.swift; sourceTree = "<group>"; };
		CF642EF32A99077F00E674CC /* BearerTokenRequestRetrier.swift */ = {isa = PBXFileReference; lastKnownFileType = sourcecode.swift; path = BearerTokenRequestRetrier.swift; sourceTree = "<group>"; };
		CF642EF52A99077F00E674CC /* HTTPApiClient+Extension.swift */ = {isa = PBXFileReference; lastKnownFileType = sourcecode.swift; path = "HTTPApiClient+Extension.swift"; sourceTree = "<group>"; };
		CF642EF72A99077F00E674CC /* ApiClientMonitor.swift */ = {isa = PBXFileReference; lastKnownFileType = sourcecode.swift; path = ApiClientMonitor.swift; sourceTree = "<group>"; };
		CF642EF92A99077F00E674CC /* ResponseDTO.swift */ = {isa = PBXFileReference; lastKnownFileType = sourcecode.swift; path = ResponseDTO.swift; sourceTree = "<group>"; };
		CF642F1B2A990D0900E674CC /* CoreError.swift */ = {isa = PBXFileReference; fileEncoding = 4; lastKnownFileType = sourcecode.swift; path = CoreError.swift; sourceTree = "<group>"; };
		CF642F1E2A990DDC00E674CC /* bin-response.json */ = {isa = PBXFileReference; fileEncoding = 4; lastKnownFileType = text.json; path = "bin-response.json"; sourceTree = "<group>"; };
		CF642F1F2A990DDC00E674CC /* error-response.json */ = {isa = PBXFileReference; fileEncoding = 4; lastKnownFileType = text.json; path = "error-response.json"; sourceTree = "<group>"; };
		CF642F242A99165C00E674CC /* TokenProviderMock.swift */ = {isa = PBXFileReference; fileEncoding = 4; lastKnownFileType = sourcecode.swift; path = TokenProviderMock.swift; sourceTree = "<group>"; };
		CF642F252A99165C00E674CC /* StorageMock.swift */ = {isa = PBXFileReference; fileEncoding = 4; lastKnownFileType = sourcecode.swift; path = StorageMock.swift; sourceTree = "<group>"; };
		CF642F2A2A99168600E674CC /* ApiClientMonitorTests.swift */ = {isa = PBXFileReference; fileEncoding = 4; lastKnownFileType = sourcecode.swift; path = ApiClientMonitorTests.swift; sourceTree = "<group>"; };
		CF642F2C2A99168600E674CC /* HTTPHeadersTests.swift */ = {isa = PBXFileReference; fileEncoding = 4; lastKnownFileType = sourcecode.swift; path = HTTPHeadersTests.swift; sourceTree = "<group>"; };
		CF642F2F2A99168600E674CC /* AuthTokenTests.swift */ = {isa = PBXFileReference; fileEncoding = 4; lastKnownFileType = sourcecode.swift; path = AuthTokenTests.swift; sourceTree = "<group>"; };
		CF642F302A99168600E674CC /* BearerTokenProviderTests.swift */ = {isa = PBXFileReference; fileEncoding = 4; lastKnownFileType = sourcecode.swift; path = BearerTokenProviderTests.swift; sourceTree = "<group>"; };
		CF642F322A99168600E674CC /* OperatorsTests.swift */ = {isa = PBXFileReference; fileEncoding = 4; lastKnownFileType = sourcecode.swift; path = OperatorsTests.swift; sourceTree = "<group>"; };
		CF642F352A99168600E674CC /* UserDefaultStorageTests.swift */ = {isa = PBXFileReference; fileEncoding = 4; lastKnownFileType = sourcecode.swift; path = UserDefaultStorageTests.swift; sourceTree = "<group>"; };
		CF642F372A99168600E674CC /* InMemoryStorageTests.swift */ = {isa = PBXFileReference; fileEncoding = 4; lastKnownFileType = sourcecode.swift; path = InMemoryStorageTests.swift; sourceTree = "<group>"; };
		CF642F392A99168600E674CC /* StorageErrorTests.swift */ = {isa = PBXFileReference; fileEncoding = 4; lastKnownFileType = sourcecode.swift; path = StorageErrorTests.swift; sourceTree = "<group>"; };
		CF642F3B2A99168600E674CC /* ResponseSerializerTests.swift */ = {isa = PBXFileReference; fileEncoding = 4; lastKnownFileType = sourcecode.swift; path = ResponseSerializerTests.swift; sourceTree = "<group>"; };
		CF642F3D2A99168600E674CC /* RequestValidatorTests.swift */ = {isa = PBXFileReference; fileEncoding = 4; lastKnownFileType = sourcecode.swift; path = RequestValidatorTests.swift; sourceTree = "<group>"; };
		CF642F892A99561700E674CC /* CommonAuthenticationClient.swift */ = {isa = PBXFileReference; fileEncoding = 4; lastKnownFileType = sourcecode.swift; path = CommonAuthenticationClient.swift; sourceTree = "<group>"; };
		CF642F8B2A99561700E674CC /* HTTPAuthenticationClient.swift */ = {isa = PBXFileReference; fileEncoding = 4; lastKnownFileType = sourcecode.swift; path = HTTPAuthenticationClient.swift; sourceTree = "<group>"; };
		CF642F8C2A99561700E674CC /* AuthenticationClient.swift */ = {isa = PBXFileReference; fileEncoding = 4; lastKnownFileType = sourcecode.swift; path = AuthenticationClient.swift; sourceTree = "<group>"; };
/* End PBXFileReference section */

/* Begin PBXFrameworksBuildPhase section */
		CF642E752A98FBEE00E674CC /* Frameworks */ = {
			isa = PBXFrameworksBuildPhase;
			buildActionMask = 2147483647;
			files = (
				CF642F192A990CD000E674CC /* KeychainAccess in Frameworks */,
				CF642F162A990C7E00E674CC /* Alamofire in Frameworks */,
			);
			runOnlyForDeploymentPostprocessing = 0;
		};
		CF642E7F2A98FBEE00E674CC /* Frameworks */ = {
			isa = PBXFrameworksBuildPhase;
			buildActionMask = 2147483647;
			files = (
				CF642E832A98FBEE00E674CC /* Core.framework in Frameworks */,
			);
			runOnlyForDeploymentPostprocessing = 0;
		};
/* End PBXFrameworksBuildPhase section */

/* Begin PBXGroup section */
		CF642E6E2A98FBEE00E674CC = {
			isa = PBXGroup;
			children = (
				CF642E7A2A98FBEE00E674CC /* Core */,
				CF642E862A98FBEE00E674CC /* CoreTests */,
				CF642E792A98FBEE00E674CC /* Products */,
				CF642F782A9950EB00E674CC /* Frameworks */,
			);
			sourceTree = "<group>";
		};
		CF642E792A98FBEE00E674CC /* Products */ = {
			isa = PBXGroup;
			children = (
				CF642E782A98FBEE00E674CC /* Core.framework */,
				CF642E822A98FBEE00E674CC /* CoreTests.xctest */,
			);
			name = Products;
			sourceTree = "<group>";
		};
		CF642E7A2A98FBEE00E674CC /* Core */ = {
			isa = PBXGroup;
			children = (
				CF642F872A99561700E674CC /* Authentication */,
				CF642F1A2A990D0900E674CC /* Error */,
				CF642E7B2A98FBEE00E674CC /* Core.h */,
				CF642EF42A99077F00E674CC /* Extensions */,
				CF642EF62A99077F00E674CC /* Monitor */,
				CF642ECA2A99077F00E674CC /* Network */,
				CF642EF82A99077F00E674CC /* Response */,
				CF642EF22A99077F00E674CC /* Retriers */,
				CF642EE32A99077F00E674CC /* Storage */,
				CF642EED2A99077F00E674CC /* Token Provider */,
				CF642EE12A99077F00E674CC /* Validators */,
				CF642E7C2A98FBEE00E674CC /* Core.docc */,
			);
			path = Core;
			sourceTree = "<group>";
		};
		CF642E862A98FBEE00E674CC /* CoreTests */ = {
			isa = PBXGroup;
			children = (
				CF642F2B2A99168600E674CC /* Headers */,
				CF642F292A99168600E674CC /* Monitor */,
				CF642F312A99168600E674CC /* Operators */,
				CF642F3A2A99168600E674CC /* Response Serializer */,
				CF642F282A99168600E674CC /* Retriers */,
				CF642F332A99168600E674CC /* Storage */,
				CF642F2D2A99168600E674CC /* Token Provider */,
				CF642F3C2A99168600E674CC /* Validator */,
				CF642F1D2A990DDC00E674CC /* Test Resources */,
				CF642E952A9900BF00E674CC /* Mock */,
				CF642E872A98FBEE00E674CC /* CoreTests.swift */,
			);
			path = CoreTests;
			sourceTree = "<group>";
		};
		CF642E952A9900BF00E674CC /* Mock */ = {
			isa = PBXGroup;
			children = (
				CF642F252A99165C00E674CC /* StorageMock.swift */,
				CF642F242A99165C00E674CC /* TokenProviderMock.swift */,
				CF642E962A9900BF00E674CC /* SomeCodable.swift */,
				CF642E972A9900BF00E674CC /* SomeClass.swift */,
				CF642E992A9900BF00E674CC /* ApiClientMock.swift */,
				CF642E9B2A9900BF00E674CC /* URLProtocolMock.swift */,
				CF642E9D2A9900BF00E674CC /* HTTPApiClientMock.swift */,
			);
			path = Mock;
			sourceTree = "<group>";
		};
		CF642ECA2A99077F00E674CC /* Network */ = {
			isa = PBXGroup;
			children = (
				CF642ECB2A99077F00E674CC /* Monitor */,
				CF642ECD2A99077F00E674CC /* Serializer */,
				CF642ECF2A99077F00E674CC /* Core */,
				CF642ED42A99077F00E674CC /* Response */,
				CF642ED62A99077F00E674CC /* HTTPApiClient.swift */,
				CF642ED72A99077F00E674CC /* Headers */,
				CF642ED92A99077F00E674CC /* Task */,
				CF642EDB2A99077F00E674CC /* Request */,
				CF642EDD2A99077F00E674CC /* Error */,
				CF642EDF2A99077F00E674CC /* Interceptor */,
			);
			path = Network;
			sourceTree = "<group>";
		};
		CF642ECB2A99077F00E674CC /* Monitor */ = {
			isa = PBXGroup;
			children = (
				CF642ECC2A99077F00E674CC /* RequestMonitor.swift */,
			);
			path = Monitor;
			sourceTree = "<group>";
		};
		CF642ECD2A99077F00E674CC /* Serializer */ = {
			isa = PBXGroup;
			children = (
				CF642ECE2A99077F00E674CC /* ResponseSerializer.swift */,
			);
			path = Serializer;
			sourceTree = "<group>";
		};
		CF642ECF2A99077F00E674CC /* Core */ = {
			isa = PBXGroup;
			children = (
				CF642ED02A99077F00E674CC /* Operators */,
				CF642ED22A99077F00E674CC /* Atomic */,
			);
			path = Core;
			sourceTree = "<group>";
		};
		CF642ED02A99077F00E674CC /* Operators */ = {
			isa = PBXGroup;
			children = (
				CF642ED12A99077F00E674CC /* Operators.swift */,
			);
			path = Operators;
			sourceTree = "<group>";
		};
		CF642ED22A99077F00E674CC /* Atomic */ = {
			isa = PBXGroup;
			children = (
				CF642ED32A99077F00E674CC /* Atomic.swift */,
			);
			path = Atomic;
			sourceTree = "<group>";
		};
		CF642ED42A99077F00E674CC /* Response */ = {
			isa = PBXGroup;
			children = (
				CF642ED52A99077F00E674CC /* Response.swift */,
			);
			path = Response;
			sourceTree = "<group>";
		};
		CF642ED72A99077F00E674CC /* Headers */ = {
			isa = PBXGroup;
			children = (
				CF642ED82A99077F00E674CC /* HTTPHeaders.swift */,
			);
			path = Headers;
			sourceTree = "<group>";
		};
		CF642ED92A99077F00E674CC /* Task */ = {
			isa = PBXGroup;
			children = (
				CF642EDA2A99077F00E674CC /* AsyncDataTask.swift */,
			);
			path = Task;
			sourceTree = "<group>";
		};
		CF642EDB2A99077F00E674CC /* Request */ = {
			isa = PBXGroup;
			children = (
				CF642EDC2A99077F00E674CC /* Request.swift */,
			);
			path = Request;
			sourceTree = "<group>";
		};
		CF642EDD2A99077F00E674CC /* Error */ = {
			isa = PBXGroup;
			children = (
				CF642EDE2A99077F00E674CC /* NetworkError.swift */,
			);
			path = Error;
			sourceTree = "<group>";
		};
		CF642EDF2A99077F00E674CC /* Interceptor */ = {
			isa = PBXGroup;
			children = (
				CF642EE02A99077F00E674CC /* RequestInterceptor.swift */,
			);
			path = Interceptor;
			sourceTree = "<group>";
		};
		CF642EE12A99077F00E674CC /* Validators */ = {
			isa = PBXGroup;
			children = (
				CF642EE22A99077F00E674CC /* RequestValidator.swift */,
			);
			path = Validators;
			sourceTree = "<group>";
		};
		CF642EE32A99077F00E674CC /* Storage */ = {
			isa = PBXGroup;
			children = (
				CF642EE42A99077F00E674CC /* Storage.swift */,
				CF642EE52A99077F00E674CC /* Userdefaults */,
				CF642EE72A99077F00E674CC /* In Memory */,
				CF642EE92A99077F00E674CC /* Keychain */,
				CF642EEB2A99077F00E674CC /* Error */,
			);
			path = Storage;
			sourceTree = "<group>";
		};
		CF642EE52A99077F00E674CC /* Userdefaults */ = {
			isa = PBXGroup;
			children = (
				CF642EE62A99077F00E674CC /* UserDefaultStorage.swift */,
			);
			path = Userdefaults;
			sourceTree = "<group>";
		};
		CF642EE72A99077F00E674CC /* In Memory */ = {
			isa = PBXGroup;
			children = (
				CF642EE82A99077F00E674CC /* InMemoryStorage.swift */,
			);
			path = "In Memory";
			sourceTree = "<group>";
		};
		CF642EE92A99077F00E674CC /* Keychain */ = {
			isa = PBXGroup;
			children = (
				CF642EEA2A99077F00E674CC /* KeychainStorage.swift */,
			);
			path = Keychain;
			sourceTree = "<group>";
		};
		CF642EEB2A99077F00E674CC /* Error */ = {
			isa = PBXGroup;
			children = (
				CF642EEC2A99077F00E674CC /* StorageError.swift */,
			);
			path = Error;
			sourceTree = "<group>";
		};
		CF642EED2A99077F00E674CC /* Token Provider */ = {
			isa = PBXGroup;
			children = (
				CF642EEE2A99077F00E674CC /* BearerTokenProvider.swift */,
				CF642EEF2A99077F00E674CC /* Models */,
				CF642EF12A99077F00E674CC /* TokenProvider.swift */,
			);
			path = "Token Provider";
			sourceTree = "<group>";
		};
		CF642EEF2A99077F00E674CC /* Models */ = {
			isa = PBXGroup;
			children = (
				CF642EF02A99077F00E674CC /* AuthToken.swift */,
			);
			path = Models;
			sourceTree = "<group>";
		};
		CF642EF22A99077F00E674CC /* Retriers */ = {
			isa = PBXGroup;
			children = (
				CF642EF32A99077F00E674CC /* BearerTokenRequestRetrier.swift */,
			);
			path = Retriers;
			sourceTree = "<group>";
		};
		CF642EF42A99077F00E674CC /* Extensions */ = {
			isa = PBXGroup;
			children = (
				CF642EF52A99077F00E674CC /* HTTPApiClient+Extension.swift */,
			);
			path = Extensions;
			sourceTree = "<group>";
		};
		CF642EF62A99077F00E674CC /* Monitor */ = {
			isa = PBXGroup;
			children = (
				CF642EF72A99077F00E674CC /* ApiClientMonitor.swift */,
			);
			path = Monitor;
			sourceTree = "<group>";
		};
		CF642EF82A99077F00E674CC /* Response */ = {
			isa = PBXGroup;
			children = (
				CF642EF92A99077F00E674CC /* ResponseDTO.swift */,
			);
			path = Response;
			sourceTree = "<group>";
		};
		CF642F1A2A990D0900E674CC /* Error */ = {
			isa = PBXGroup;
			children = (
				CF642F1B2A990D0900E674CC /* CoreError.swift */,
			);
			path = Error;
			sourceTree = "<group>";
		};
		CF642F1D2A990DDC00E674CC /* Test Resources */ = {
			isa = PBXGroup;
			children = (
				CF642F1E2A990DDC00E674CC /* bin-response.json */,
				CF642F1F2A990DDC00E674CC /* error-response.json */,
			);
			path = "Test Resources";
			sourceTree = "<group>";
		};
		CF642F282A99168600E674CC /* Retriers */ = {
			isa = PBXGroup;
			children = (
			);
			path = Retriers;
			sourceTree = "<group>";
		};
		CF642F292A99168600E674CC /* Monitor */ = {
			isa = PBXGroup;
			children = (
				CF642F2A2A99168600E674CC /* ApiClientMonitorTests.swift */,
			);
			path = Monitor;
			sourceTree = "<group>";
		};
		CF642F2B2A99168600E674CC /* Headers */ = {
			isa = PBXGroup;
			children = (
				CF642F2C2A99168600E674CC /* HTTPHeadersTests.swift */,
			);
			path = Headers;
			sourceTree = "<group>";
		};
		CF642F2D2A99168600E674CC /* Token Provider */ = {
			isa = PBXGroup;
			children = (
				CF642F2E2A99168600E674CC /* Models */,
				CF642F302A99168600E674CC /* BearerTokenProviderTests.swift */,
			);
			path = "Token Provider";
			sourceTree = "<group>";
		};
		CF642F2E2A99168600E674CC /* Models */ = {
			isa = PBXGroup;
			children = (
				CF642F2F2A99168600E674CC /* AuthTokenTests.swift */,
			);
			path = Models;
			sourceTree = "<group>";
		};
		CF642F312A99168600E674CC /* Operators */ = {
			isa = PBXGroup;
			children = (
				CF642F322A99168600E674CC /* OperatorsTests.swift */,
			);
			path = Operators;
			sourceTree = "<group>";
		};
		CF642F332A99168600E674CC /* Storage */ = {
			isa = PBXGroup;
			children = (
				CF642F342A99168600E674CC /* Userdefaults */,
				CF642F362A99168600E674CC /* In Memory */,
				CF642F382A99168600E674CC /* Error */,
			);
			path = Storage;
			sourceTree = "<group>";
		};
		CF642F342A99168600E674CC /* Userdefaults */ = {
			isa = PBXGroup;
			children = (
				CF642F352A99168600E674CC /* UserDefaultStorageTests.swift */,
			);
			path = Userdefaults;
			sourceTree = "<group>";
		};
		CF642F362A99168600E674CC /* In Memory */ = {
			isa = PBXGroup;
			children = (
				CF642F372A99168600E674CC /* InMemoryStorageTests.swift */,
			);
			path = "In Memory";
			sourceTree = "<group>";
		};
		CF642F382A99168600E674CC /* Error */ = {
			isa = PBXGroup;
			children = (
				CF642F392A99168600E674CC /* StorageErrorTests.swift */,
			);
			path = Error;
			sourceTree = "<group>";
		};
		CF642F3A2A99168600E674CC /* Response Serializer */ = {
			isa = PBXGroup;
			children = (
				CF642F3B2A99168600E674CC /* ResponseSerializerTests.swift */,
			);
			path = "Response Serializer";
			sourceTree = "<group>";
		};
		CF642F3C2A99168600E674CC /* Validator */ = {
			isa = PBXGroup;
			children = (
				CF642F3D2A99168600E674CC /* RequestValidatorTests.swift */,
			);
			path = Validator;
			sourceTree = "<group>";
		};
		CF642F782A9950EB00E674CC /* Frameworks */ = {
			isa = PBXGroup;
			children = (
			);
			name = Frameworks;
			sourceTree = "<group>";
		};
		CF642F872A99561700E674CC /* Authentication */ = {
			isa = PBXGroup;
			children = (
				CF642F882A99561700E674CC /* Common */,
				CF642F8A2A99561700E674CC /* HTTP */,
				CF642F8C2A99561700E674CC /* AuthenticationClient.swift */,
			);
			path = Authentication;
			sourceTree = "<group>";
		};
		CF642F882A99561700E674CC /* Common */ = {
			isa = PBXGroup;
			children = (
				CF642F892A99561700E674CC /* CommonAuthenticationClient.swift */,
			);
			path = Common;
			sourceTree = "<group>";
		};
		CF642F8A2A99561700E674CC /* HTTP */ = {
			isa = PBXGroup;
			children = (
				CF642F8B2A99561700E674CC /* HTTPAuthenticationClient.swift */,
			);
			path = HTTP;
			sourceTree = "<group>";
		};
/* End PBXGroup section */

/* Begin PBXHeadersBuildPhase section */
		CF642E732A98FBEE00E674CC /* Headers */ = {
			isa = PBXHeadersBuildPhase;
			buildActionMask = 2147483647;
			files = (
				CF642E892A98FBEE00E674CC /* Core.h in Headers */,
			);
			runOnlyForDeploymentPostprocessing = 0;
		};
/* End PBXHeadersBuildPhase section */

/* Begin PBXNativeTarget section */
		CF642E772A98FBEE00E674CC /* Core */ = {
			isa = PBXNativeTarget;
			buildConfigurationList = CF642E8C2A98FBEE00E674CC /* Build configuration list for PBXNativeTarget "Core" */;
			buildPhases = (
				CF642E732A98FBEE00E674CC /* Headers */,
				CF642E742A98FBEE00E674CC /* Sources */,
				CF642E752A98FBEE00E674CC /* Frameworks */,
				CF642E762A98FBEE00E674CC /* Resources */,
				CF642F7D2A99514200E674CC /* Embed Frameworks */,
			);
			buildRules = (
			);
			dependencies = (
			);
			name = Core;
			packageProductDependencies = (
				CF642F152A990C7E00E674CC /* Alamofire */,
				CF642F182A990CD000E674CC /* KeychainAccess */,
			);
			productName = Core;
			productReference = CF642E782A98FBEE00E674CC /* Core.framework */;
			productType = "com.apple.product-type.framework";
		};
		CF642E812A98FBEE00E674CC /* CoreTests */ = {
			isa = PBXNativeTarget;
			buildConfigurationList = CF642E8F2A98FBEE00E674CC /* Build configuration list for PBXNativeTarget "CoreTests" */;
			buildPhases = (
				CF642E7E2A98FBEE00E674CC /* Sources */,
				CF642E7F2A98FBEE00E674CC /* Frameworks */,
				CF642E802A98FBEE00E674CC /* Resources */,
			);
			buildRules = (
			);
			dependencies = (
				CF642E852A98FBEE00E674CC /* PBXTargetDependency */,
			);
			name = CoreTests;
			productName = CoreTests;
			productReference = CF642E822A98FBEE00E674CC /* CoreTests.xctest */;
			productType = "com.apple.product-type.bundle.unit-test";
		};
/* End PBXNativeTarget section */

/* Begin PBXProject section */
		CF642E6F2A98FBEE00E674CC /* Project object */ = {
			isa = PBXProject;
			attributes = {
				BuildIndependentTargetsInParallel = 1;
				LastSwiftUpdateCheck = 1410;
				LastUpgradeCheck = 1410;
				TargetAttributes = {
					CF642E772A98FBEE00E674CC = {
						CreatedOnToolsVersion = 14.1;
					};
					CF642E812A98FBEE00E674CC = {
						CreatedOnToolsVersion = 14.1;
					};
					CF642F482A99391200E674CC = {
						CreatedOnToolsVersion = 14.1;
					};
				};
			};
			buildConfigurationList = CF642E722A98FBEE00E674CC /* Build configuration list for PBXProject "Core" */;
			compatibilityVersion = "Xcode 14.0";
			developmentRegion = en;
			hasScannedForEncodings = 0;
			knownRegions = (
				en,
				Base,
			);
			mainGroup = CF642E6E2A98FBEE00E674CC;
			packageReferences = (
				CF642F142A990C7E00E674CC /* XCRemoteSwiftPackageReference "Alamofire" */,
				CF642F172A990CD000E674CC /* XCRemoteSwiftPackageReference "KeychainAccess" */,
			);
			productRefGroup = CF642E792A98FBEE00E674CC /* Products */;
			projectDirPath = "";
			projectRoot = "";
			targets = (
				CF642E772A98FBEE00E674CC /* Core */,
				CF642E812A98FBEE00E674CC /* CoreTests */,
				CF642F482A99391200E674CC /* Core-Builder */,
			);
		};
/* End PBXProject section */

/* Begin PBXResourcesBuildPhase section */
		CF642E762A98FBEE00E674CC /* Resources */ = {
			isa = PBXResourcesBuildPhase;
			buildActionMask = 2147483647;
			files = (
			);
			runOnlyForDeploymentPostprocessing = 0;
		};
		CF642E802A98FBEE00E674CC /* Resources */ = {
			isa = PBXResourcesBuildPhase;
			buildActionMask = 2147483647;
			files = (
				CF642F202A990DDD00E674CC /* bin-response.json in Resources */,
				CF642F212A990DDD00E674CC /* error-response.json in Resources */,
			);
			runOnlyForDeploymentPostprocessing = 0;
		};
/* End PBXResourcesBuildPhase section */

/* Begin PBXShellScriptBuildPhase section */
		CF642F4C2A99392800E674CC /* ShellScript */ = {
			isa = PBXShellScriptBuildPhase;
			buildActionMask = 2147483647;
			files = (
			);
			inputFileListPaths = (
			);
			inputPaths = (
			);
			outputFileListPaths = (
			);
			outputPaths = (
			);
			runOnlyForDeploymentPostprocessing = 0;
			shellPath = /bin/sh;
			shellScript = "# make the xcframework from the simulator and iOS packages\nxcodebuild -create-xcframework -framework \"${BUILD_DIR}/${CONFIGURATION}-iphoneos/Core.framework\" -framework \"${BUILD_DIR}/${CONFIGURATION}-iphonesimulator/Core.framework\" -output \"${BUILD_DIR}/Core.xcframework\" \n\n# open the project's directory in Finder so you can copy your xcframework\n\nopen \"${BUILD_DIR}\"\n";
		};
/* End PBXShellScriptBuildPhase section */

/* Begin PBXSourcesBuildPhase section */
		CF642E742A98FBEE00E674CC /* Sources */ = {
			isa = PBXSourcesBuildPhase;
			buildActionMask = 2147483647;
			files = (
				CF642F032A990BB200E674CC /* HTTPApiClient.swift in Sources */,
				CF642F082A990BD200E674CC /* RequestInterceptor.swift in Sources */,
				CF642F0A2A990BE200E674CC /* BearerTokenRequestRetrier.swift in Sources */,
				CF642F062A990BC500E674CC /* Request.swift in Sources */,
				CF642F052A990BC100E674CC /* AsyncDataTask.swift in Sources */,
				CF642F122A990C0600E674CC /* AuthToken.swift in Sources */,
				CF642F022A990BAF00E674CC /* Response.swift in Sources */,
				CF642F0C2A990BEC00E674CC /* UserDefaultStorage.swift in Sources */,
				CF642F042A990BBE00E674CC /* HTTPHeaders.swift in Sources */,
				CF642F132A990C0F00E674CC /* RequestValidator.swift in Sources */,
				CF642EFE2A990B9000E674CC /* RequestMonitor.swift in Sources */,
				CF642EFF2A990B9A00E674CC /* ResponseSerializer.swift in Sources */,
				CF642F8F2A99561700E674CC /* AuthenticationClient.swift in Sources */,
				CF642F8E2A99561700E674CC /* HTTPAuthenticationClient.swift in Sources */,
				CF642F092A990BDD00E674CC /* ResponseDTO.swift in Sources */,
				CF642EFD2A990B7B00E674CC /* ApiClientMonitor.swift in Sources */,
				CF642E7D2A98FBEE00E674CC /* Core.docc in Sources */,
				CF642F102A990BFE00E674CC /* BearerTokenProvider.swift in Sources */,
				CF642EFC2A990B7900E674CC /* HTTPApiClient+Extension.swift in Sources */,
				CF642F112A990C0200E674CC /* TokenProvider.swift in Sources */,
				CF642F0D2A990BF000E674CC /* InMemoryStorage.swift in Sources */,
				CF642F072A990BCB00E674CC /* NetworkError.swift in Sources */,
				CF642F012A990BAB00E674CC /* Atomic.swift in Sources */,
				CF642F0F2A990BFA00E674CC /* StorageError.swift in Sources */,
				CF642F0E2A990BF500E674CC /* KeychainStorage.swift in Sources */,
				CF642F1C2A990D0900E674CC /* CoreError.swift in Sources */,
				CF642F0B2A990BE700E674CC /* Storage.swift in Sources */,
				CF642F002A990BA500E674CC /* Operators.swift in Sources */,
				CF642F8D2A99561700E674CC /* CommonAuthenticationClient.swift in Sources */,
			);
			runOnlyForDeploymentPostprocessing = 0;
		};
		CF642E7E2A98FBEE00E674CC /* Sources */ = {
			isa = PBXSourcesBuildPhase;
			buildActionMask = 2147483647;
			files = (
				CF642E9F2A9900BF00E674CC /* SomeClass.swift in Sources */,
				CF642F412A99168600E674CC /* BearerTokenProviderTests.swift in Sources */,
				CF642F432A99168600E674CC /* UserDefaultStorageTests.swift in Sources */,
				CF642EA12A9900BF00E674CC /* ApiClientMock.swift in Sources */,
				CF642F452A99168600E674CC /* StorageErrorTests.swift in Sources */,
				CF642F422A99168600E674CC /* OperatorsTests.swift in Sources */,
				CF642F472A99168600E674CC /* RequestValidatorTests.swift in Sources */,
				CF642F3E2A99168600E674CC /* ApiClientMonitorTests.swift in Sources */,
				CF642E9E2A9900BF00E674CC /* SomeCodable.swift in Sources */,
				CF642F402A99168600E674CC /* AuthTokenTests.swift in Sources */,
				CF642F442A99168600E674CC /* InMemoryStorageTests.swift in Sources */,
				CF642F272A99165C00E674CC /* StorageMock.swift in Sources */,
				CF642F262A99165C00E674CC /* TokenProviderMock.swift in Sources */,
				CF642E882A98FBEE00E674CC /* CoreTests.swift in Sources */,
				CF642EA52A9900BF00E674CC /* HTTPApiClientMock.swift in Sources */,
				CF642F3F2A99168600E674CC /* HTTPHeadersTests.swift in Sources */,
				CF642EA32A9900BF00E674CC /* URLProtocolMock.swift in Sources */,
				CF642F462A99168600E674CC /* ResponseSerializerTests.swift in Sources */,
			);
			runOnlyForDeploymentPostprocessing = 0;
		};
/* End PBXSourcesBuildPhase section */

/* Begin PBXTargetDependency section */
		CF642E852A98FBEE00E674CC /* PBXTargetDependency */ = {
			isa = PBXTargetDependency;
			target = CF642E772A98FBEE00E674CC /* Core */;
			targetProxy = CF642E842A98FBEE00E674CC /* PBXContainerItemProxy */;
		};
/* End PBXTargetDependency section */

/* Begin XCBuildConfiguration section */
		CF642E8A2A98FBEE00E674CC /* Debug */ = {
			isa = XCBuildConfiguration;
			buildSettings = {
				ALWAYS_SEARCH_USER_PATHS = NO;
				BUILD_LIBRARY_FOR_DISTRIBUTION = YES;
				CLANG_ANALYZER_NONNULL = YES;
				CLANG_ANALYZER_NUMBER_OBJECT_CONVERSION = YES_AGGRESSIVE;
				CLANG_CXX_LANGUAGE_STANDARD = "gnu++20";
				CLANG_ENABLE_MODULES = YES;
				CLANG_ENABLE_OBJC_ARC = YES;
				CLANG_ENABLE_OBJC_WEAK = YES;
				CLANG_WARN_BLOCK_CAPTURE_AUTORELEASING = YES;
				CLANG_WARN_BOOL_CONVERSION = YES;
				CLANG_WARN_COMMA = YES;
				CLANG_WARN_CONSTANT_CONVERSION = YES;
				CLANG_WARN_DEPRECATED_OBJC_IMPLEMENTATIONS = YES;
				CLANG_WARN_DIRECT_OBJC_ISA_USAGE = YES_ERROR;
				CLANG_WARN_DOCUMENTATION_COMMENTS = YES;
				CLANG_WARN_EMPTY_BODY = YES;
				CLANG_WARN_ENUM_CONVERSION = YES;
				CLANG_WARN_INFINITE_RECURSION = YES;
				CLANG_WARN_INT_CONVERSION = YES;
				CLANG_WARN_NON_LITERAL_NULL_CONVERSION = YES;
				CLANG_WARN_OBJC_IMPLICIT_RETAIN_SELF = YES;
				CLANG_WARN_OBJC_LITERAL_CONVERSION = YES;
				CLANG_WARN_OBJC_ROOT_CLASS = YES_ERROR;
				CLANG_WARN_QUOTED_INCLUDE_IN_FRAMEWORK_HEADER = YES;
				CLANG_WARN_RANGE_LOOP_ANALYSIS = YES;
				CLANG_WARN_STRICT_PROTOTYPES = YES;
				CLANG_WARN_SUSPICIOUS_MOVE = YES;
				CLANG_WARN_UNGUARDED_AVAILABILITY = YES_AGGRESSIVE;
				CLANG_WARN_UNREACHABLE_CODE = YES;
				CLANG_WARN__DUPLICATE_METHOD_MATCH = YES;
				COPY_PHASE_STRIP = NO;
				CURRENT_PROJECT_VERSION = 1;
				DEBUG_INFORMATION_FORMAT = dwarf;
				ENABLE_STRICT_OBJC_MSGSEND = YES;
				ENABLE_TESTABILITY = YES;
				GCC_C_LANGUAGE_STANDARD = gnu11;
				GCC_DYNAMIC_NO_PIC = NO;
				GCC_NO_COMMON_BLOCKS = YES;
				GCC_OPTIMIZATION_LEVEL = 0;
				GCC_PREPROCESSOR_DEFINITIONS = (
					"DEBUG=1",
					"$(inherited)",
				);
				GCC_WARN_64_TO_32_BIT_CONVERSION = YES;
				GCC_WARN_ABOUT_RETURN_TYPE = YES_ERROR;
				GCC_WARN_UNDECLARED_SELECTOR = YES;
				GCC_WARN_UNINITIALIZED_AUTOS = YES_AGGRESSIVE;
				GCC_WARN_UNUSED_FUNCTION = YES;
				GCC_WARN_UNUSED_VARIABLE = YES;
				IPHONEOS_DEPLOYMENT_TARGET = 16.1;
				MTL_ENABLE_DEBUG_INFO = INCLUDE_SOURCE;
				MTL_FAST_MATH = YES;
				ONLY_ACTIVE_ARCH = YES;
				SDKROOT = iphoneos;
				SWIFT_ACTIVE_COMPILATION_CONDITIONS = DEBUG;
				SWIFT_OPTIMIZATION_LEVEL = "-Onone";
				VERSIONING_SYSTEM = "apple-generic";
				VERSION_INFO_PREFIX = "";
			};
			name = Debug;
		};
		CF642E8B2A98FBEE00E674CC /* Release */ = {
			isa = XCBuildConfiguration;
			buildSettings = {
				ALWAYS_SEARCH_USER_PATHS = NO;
				BUILD_LIBRARY_FOR_DISTRIBUTION = YES;
				CLANG_ANALYZER_NONNULL = YES;
				CLANG_ANALYZER_NUMBER_OBJECT_CONVERSION = YES_AGGRESSIVE;
				CLANG_CXX_LANGUAGE_STANDARD = "gnu++20";
				CLANG_ENABLE_MODULES = YES;
				CLANG_ENABLE_OBJC_ARC = YES;
				CLANG_ENABLE_OBJC_WEAK = YES;
				CLANG_WARN_BLOCK_CAPTURE_AUTORELEASING = YES;
				CLANG_WARN_BOOL_CONVERSION = YES;
				CLANG_WARN_COMMA = YES;
				CLANG_WARN_CONSTANT_CONVERSION = YES;
				CLANG_WARN_DEPRECATED_OBJC_IMPLEMENTATIONS = YES;
				CLANG_WARN_DIRECT_OBJC_ISA_USAGE = YES_ERROR;
				CLANG_WARN_DOCUMENTATION_COMMENTS = YES;
				CLANG_WARN_EMPTY_BODY = YES;
				CLANG_WARN_ENUM_CONVERSION = YES;
				CLANG_WARN_INFINITE_RECURSION = YES;
				CLANG_WARN_INT_CONVERSION = YES;
				CLANG_WARN_NON_LITERAL_NULL_CONVERSION = YES;
				CLANG_WARN_OBJC_IMPLICIT_RETAIN_SELF = YES;
				CLANG_WARN_OBJC_LITERAL_CONVERSION = YES;
				CLANG_WARN_OBJC_ROOT_CLASS = YES_ERROR;
				CLANG_WARN_QUOTED_INCLUDE_IN_FRAMEWORK_HEADER = YES;
				CLANG_WARN_RANGE_LOOP_ANALYSIS = YES;
				CLANG_WARN_STRICT_PROTOTYPES = YES;
				CLANG_WARN_SUSPICIOUS_MOVE = YES;
				CLANG_WARN_UNGUARDED_AVAILABILITY = YES_AGGRESSIVE;
				CLANG_WARN_UNREACHABLE_CODE = YES;
				CLANG_WARN__DUPLICATE_METHOD_MATCH = YES;
				COPY_PHASE_STRIP = NO;
				CURRENT_PROJECT_VERSION = 1;
				DEBUG_INFORMATION_FORMAT = "dwarf-with-dsym";
				ENABLE_NS_ASSERTIONS = NO;
				ENABLE_STRICT_OBJC_MSGSEND = YES;
				GCC_C_LANGUAGE_STANDARD = gnu11;
				GCC_NO_COMMON_BLOCKS = YES;
				GCC_WARN_64_TO_32_BIT_CONVERSION = YES;
				GCC_WARN_ABOUT_RETURN_TYPE = YES_ERROR;
				GCC_WARN_UNDECLARED_SELECTOR = YES;
				GCC_WARN_UNINITIALIZED_AUTOS = YES_AGGRESSIVE;
				GCC_WARN_UNUSED_FUNCTION = YES;
				GCC_WARN_UNUSED_VARIABLE = YES;
				IPHONEOS_DEPLOYMENT_TARGET = 16.1;
				MTL_ENABLE_DEBUG_INFO = NO;
				MTL_FAST_MATH = YES;
				SDKROOT = iphoneos;
				SWIFT_COMPILATION_MODE = wholemodule;
				SWIFT_OPTIMIZATION_LEVEL = "-O";
				VALIDATE_PRODUCT = YES;
				VERSIONING_SYSTEM = "apple-generic";
				VERSION_INFO_PREFIX = "";
			};
			name = Release;
		};
		CF642E8D2A98FBEE00E674CC /* Debug */ = {
			isa = XCBuildConfiguration;
			buildSettings = {
				CODE_SIGN_STYLE = Automatic;
				CURRENT_PROJECT_VERSION = 1;
				DEFINES_MODULE = YES;
				DYLIB_COMPATIBILITY_VERSION = 1;
				DYLIB_CURRENT_VERSION = 1;
				DYLIB_INSTALL_NAME_BASE = "@rpath";
				GENERATE_INFOPLIST_FILE = YES;
				INFOPLIST_KEY_NSHumanReadableCopyright = "";
				INSTALL_PATH = "$(LOCAL_LIBRARY_DIR)/Frameworks";
				LD_RUNPATH_SEARCH_PATHS = (
					"$(inherited)",
					"@executable_path/Frameworks",
					"@loader_path/Frameworks",
				);
				MARKETING_VERSION = 1.0;
				PRODUCT_BUNDLE_IDENTIFIER = com.truvideo.Core;
				PRODUCT_NAME = "$(TARGET_NAME:c99extidentifier)";
				SKIP_INSTALL = YES;
				SWIFT_EMIT_LOC_STRINGS = YES;
				SWIFT_VERSION = 5.0;
				TARGETED_DEVICE_FAMILY = "1,2";
			};
			name = Debug;
		};
		CF642E8E2A98FBEE00E674CC /* Release */ = {
			isa = XCBuildConfiguration;
			buildSettings = {
				CODE_SIGN_STYLE = Automatic;
				CURRENT_PROJECT_VERSION = 1;
				DEFINES_MODULE = YES;
				DYLIB_COMPATIBILITY_VERSION = 1;
				DYLIB_CURRENT_VERSION = 1;
				DYLIB_INSTALL_NAME_BASE = "@rpath";
				GENERATE_INFOPLIST_FILE = YES;
				INFOPLIST_KEY_NSHumanReadableCopyright = "";
				INSTALL_PATH = "$(LOCAL_LIBRARY_DIR)/Frameworks";
				LD_RUNPATH_SEARCH_PATHS = (
					"$(inherited)",
					"@executable_path/Frameworks",
					"@loader_path/Frameworks",
				);
				MARKETING_VERSION = 1.0;
				PRODUCT_BUNDLE_IDENTIFIER = com.truvideo.Core;
				PRODUCT_NAME = "$(TARGET_NAME:c99extidentifier)";
				SKIP_INSTALL = YES;
				SWIFT_EMIT_LOC_STRINGS = YES;
				SWIFT_VERSION = 5.0;
				TARGETED_DEVICE_FAMILY = "1,2";
			};
			name = Release;
		};
		CF642E902A98FBEE00E674CC /* Debug */ = {
			isa = XCBuildConfiguration;
			buildSettings = {
				ALWAYS_EMBED_SWIFT_STANDARD_LIBRARIES = YES;
				CODE_SIGN_STYLE = Automatic;
				CURRENT_PROJECT_VERSION = 1;
				GENERATE_INFOPLIST_FILE = YES;
				MARKETING_VERSION = 1.0;
				PRODUCT_BUNDLE_IDENTIFIER = com.truvideo.CoreTests;
				PRODUCT_NAME = "$(TARGET_NAME)";
				SWIFT_EMIT_LOC_STRINGS = NO;
				SWIFT_VERSION = 5.0;
				TARGETED_DEVICE_FAMILY = "1,2";
			};
			name = Debug;
		};
		CF642E912A98FBEE00E674CC /* Release */ = {
			isa = XCBuildConfiguration;
			buildSettings = {
				ALWAYS_EMBED_SWIFT_STANDARD_LIBRARIES = YES;
				CODE_SIGN_STYLE = Automatic;
				CURRENT_PROJECT_VERSION = 1;
				GENERATE_INFOPLIST_FILE = YES;
				MARKETING_VERSION = 1.0;
				PRODUCT_BUNDLE_IDENTIFIER = com.truvideo.CoreTests;
				PRODUCT_NAME = "$(TARGET_NAME)";
				SWIFT_EMIT_LOC_STRINGS = NO;
				SWIFT_VERSION = 5.0;
				TARGETED_DEVICE_FAMILY = "1,2";
			};
			name = Release;
		};
		CF642F4A2A99391200E674CC /* Debug */ = {
			isa = XCBuildConfiguration;
			buildSettings = {
				CODE_SIGN_STYLE = Automatic;
				PRODUCT_NAME = "$(TARGET_NAME)";
			};
			name = Debug;
		};
		CF642F4B2A99391200E674CC /* Release */ = {
			isa = XCBuildConfiguration;
			buildSettings = {
				CODE_SIGN_STYLE = Automatic;
				PRODUCT_NAME = "$(TARGET_NAME)";
			};
			name = Release;
		};
/* End XCBuildConfiguration section */

/* Begin XCConfigurationList section */
		CF642E722A98FBEE00E674CC /* Build configuration list for PBXProject "Core" */ = {
			isa = XCConfigurationList;
			buildConfigurations = (
				CF642E8A2A98FBEE00E674CC /* Debug */,
				CF642E8B2A98FBEE00E674CC /* Release */,
			);
			defaultConfigurationIsVisible = 0;
			defaultConfigurationName = Release;
		};
		CF642E8C2A98FBEE00E674CC /* Build configuration list for PBXNativeTarget "Core" */ = {
			isa = XCConfigurationList;
			buildConfigurations = (
				CF642E8D2A98FBEE00E674CC /* Debug */,
				CF642E8E2A98FBEE00E674CC /* Release */,
			);
			defaultConfigurationIsVisible = 0;
			defaultConfigurationName = Release;
		};
		CF642E8F2A98FBEE00E674CC /* Build configuration list for PBXNativeTarget "CoreTests" */ = {
			isa = XCConfigurationList;
			buildConfigurations = (
				CF642E902A98FBEE00E674CC /* Debug */,
				CF642E912A98FBEE00E674CC /* Release */,
			);
			defaultConfigurationIsVisible = 0;
			defaultConfigurationName = Release;
		};
		CF642F492A99391200E674CC /* Build configuration list for PBXAggregateTarget "Core-Builder" */ = {
			isa = XCConfigurationList;
			buildConfigurations = (
				CF642F4A2A99391200E674CC /* Debug */,
				CF642F4B2A99391200E674CC /* Release */,
			);
			defaultConfigurationIsVisible = 0;
			defaultConfigurationName = Release;
		};
/* End XCConfigurationList section */

/* Begin XCRemoteSwiftPackageReference section */
		CF642F142A990C7E00E674CC /* XCRemoteSwiftPackageReference "Alamofire" */ = {
			isa = XCRemoteSwiftPackageReference;
			repositoryURL = "https://github.com/Alamofire/Alamofire.git";
			requirement = {
				branch = master;
				kind = branch;
			};
		};
		CF642F172A990CD000E674CC /* XCRemoteSwiftPackageReference "KeychainAccess" */ = {
			isa = XCRemoteSwiftPackageReference;
			repositoryURL = "https://github.com/kishikawakatsumi/KeychainAccess";
			requirement = {
				branch = master;
				kind = branch;
			};
		};
/* End XCRemoteSwiftPackageReference section */

/* Begin XCSwiftPackageProductDependency section */
		CF642F152A990C7E00E674CC /* Alamofire */ = {
			isa = XCSwiftPackageProductDependency;
			package = CF642F142A990C7E00E674CC /* XCRemoteSwiftPackageReference "Alamofire" */;
			productName = Alamofire;
		};
		CF642F182A990CD000E674CC /* KeychainAccess */ = {
			isa = XCSwiftPackageProductDependency;
			package = CF642F172A990CD000E674CC /* XCRemoteSwiftPackageReference "KeychainAccess" */;
			productName = KeychainAccess;
		};
/* End XCSwiftPackageProductDependency section */
	};
	rootObject = CF642E6F2A98FBEE00E674CC /* Project object */;
}
