// !$*UTF8*$!
{
	archiveVersion = 1;
	classes = {
	};
	objectVersion = 77;
	objects = {

/* Begin PBXBuildFile section */
		CF492DBD2E288E4600FE72F9 /* Telemetry.framework in Frameworks */ = {isa = PBXBuildFile; fileRef = CF492DBA2E288E4000FE72F9 /* Telemetry.framework */; };
		CF492DBE2E288E4600FE72F9 /* Telemetry.framework in Embed Frameworks */ = {isa = PBXBuildFile; fileRef = CF492DBA2E288E4000FE72F9 /* Telemetry.framework */; settings = {ATTRIBUTES = (CodeSignOnCopy, RemoveHeadersOnCopy, ); }; };
		CF492DF72E288E8F00FE72F9 /* Core.framework in Frameworks */ = {isa = PBXBuildFile; fileRef = CF492DC42E288E5400FE72F9 /* Core.framework */; };
		CF492DF82E288E8F00FE72F9 /* Core.framework in Embed Frameworks */ = {isa = PBXBuildFile; fileRef = CF492DC42E288E5400FE72F9 /* Core.framework */; settings = {ATTRIBUTES = (CodeSignOnCopy, RemoveHeadersOnCopy, ); }; };
		CF492DF92E288E8F00FE72F9 /* DI.framework in Frameworks */ = {isa = PBXBuildFile; fileRef = CF492DDA2E288E5B00FE72F9 /* DI.framework */; };
		CF492DFA2E288E8F00FE72F9 /* DI.framework in Embed Frameworks */ = {isa = PBXBuildFile; fileRef = CF492DDA2E288E5B00FE72F9 /* DI.framework */; settings = {ATTRIBUTES = (CodeSignOnCopy, RemoveHeadersOnCopy, ); }; };
		CF492DFB2E288E8F00FE72F9 /* Utilities.framework in Frameworks */ = {isa = PBXBuildFile; fileRef = CF492DF42E288E6100FE72F9 /* Utilities.framework */; };
		CF492DFC2E288E8F00FE72F9 /* Utilities.framework in Embed Frameworks */ = {isa = PBXBuildFile; fileRef = CF492DF42E288E6100FE72F9 /* Utilities.framework */; settings = {ATTRIBUTES = (CodeSignOnCopy, RemoveHeadersOnCopy, ); }; };
/* End PBXBuildFile section */

/* Begin PBXContainerItemProxy section */
		CF492DB92E288E4000FE72F9 /* PBXContainerItemProxy */ = {
			isa = PBXContainerItemProxy;
			containerPortal = CF492DB42E288E4000FE72F9 /* Telemetry.xcodeproj */;
			proxyType = 2;
			remoteGlobalIDString = CFFE85762E15C80F00DAB430;
			remoteInfo = Telemetry;
		};
		CF492DC32E288E5400FE72F9 /* PBXContainerItemProxy */ = {
			isa = PBXContainerItemProxy;
			containerPortal = CF492D7C2E288C9200FE72F9 /* Core.xcodeproj */;
			proxyType = 2;
			remoteGlobalIDString = CFA6ACAB2E20583600DE14E6;
			remoteInfo = Core;
		};
		CF492DD92E288E5B00FE72F9 /* PBXContainerItemProxy */ = {
			isa = PBXContainerItemProxy;
			containerPortal = CF492D5D2E288C9200FE72F9 /* DI.xcodeproj */;
			proxyType = 2;
			remoteGlobalIDString = CFA6ADD42E21DAE000DE14E6;
			remoteInfo = DI;
		};
		CF492DF32E288E6100FE72F9 /* PBXContainerItemProxy */ = {
			isa = PBXContainerItemProxy;
			containerPortal = CF492D922E288C9200FE72F9 /* Utilities.xcodeproj */;
			proxyType = 2;
			remoteGlobalIDString = CF863AD62E26ADB100901B71;
			remoteInfo = Utilities;
		};
/* End PBXContainerItemProxy section */

/* Begin PBXCopyFilesBuildPhase section */
		CF492D522E288AD700FE72F9 /* Embed Frameworks */ = {
			isa = PBXCopyFilesBuildPhase;
			buildActionMask = 2147483647;
			dstPath = "";
			dstSubfolderSpec = 10;
			files = (
				CF492DFA2E288E8F00FE72F9 /* DI.framework in Embed Frameworks */,
				CF492DBE2E288E4600FE72F9 /* Telemetry.framework in Embed Frameworks */,
				CF492DF82E288E8F00FE72F9 /* Core.framework in Embed Frameworks */,
				CF492DFC2E288E8F00FE72F9 /* Utilities.framework in Embed Frameworks */,
			);
			name = "Embed Frameworks";
			runOnlyForDeploymentPostprocessing = 0;
		};
/* End PBXCopyFilesBuildPhase section */

/* Begin PBXFileReference section */
		CF492D5D2E288C9200FE72F9 /* DI.xcodeproj */ = {isa = PBXFileReference; lastKnownFileType = "wrapper.pb-project"; name = DI.xcodeproj; path = ../../DI/DI.xcodeproj; sourceTree = "<group>"; };
		CF492D7C2E288C9200FE72F9 /* Core.xcodeproj */ = {isa = PBXFileReference; lastKnownFileType = "wrapper.pb-project"; name = Core.xcodeproj; path = ../../Core/Core.xcodeproj; sourceTree = "<group>"; };
		CF492D922E288C9200FE72F9 /* Utilities.xcodeproj */ = {isa = PBXFileReference; lastKnownFileType = "wrapper.pb-project"; name = Utilities.xcodeproj; path = ../../Utilities/Utilities.xcodeproj; sourceTree = "<group>"; };
		CF492DB42E288E4000FE72F9 /* Telemetry.xcodeproj */ = {isa = PBXFileReference; lastKnownFileType = "wrapper.pb-project"; name = Telemetry.xcodeproj; path = ../Telemetry.xcodeproj; sourceTree = "<group>"; };
		CF747D682E28500200E67F32 /* DemoApp.app */ = {isa = PBXFileReference; explicitFileType = wrapper.application; includeInIndex = 0; path = DemoApp.app; sourceTree = BUILT_PRODUCTS_DIR; };
/* End PBXFileReference section */

/* Begin PBXFileSystemSynchronizedRootGroup section */
		CF747D6A2E28500200E67F32 /* Sources */ = {
			isa = PBXFileSystemSynchronizedRootGroup;
			path = Sources;
			sourceTree = "<group>";
		};
/* End PBXFileSystemSynchronizedRootGroup section */

/* Begin PBXFrameworksBuildPhase section */
		CF747D652E28500200E67F32 /* Frameworks */ = {
			isa = PBXFrameworksBuildPhase;
			buildActionMask = 2147483647;
			files = (
				CF492DF92E288E8F00FE72F9 /* DI.framework in Frameworks */,
				CF492DBD2E288E4600FE72F9 /* Telemetry.framework in Frameworks */,
				CF492DF72E288E8F00FE72F9 /* Core.framework in Frameworks */,
				CF492DFB2E288E8F00FE72F9 /* Utilities.framework in Frameworks */,
			);
			runOnlyForDeploymentPostprocessing = 0;
		};
/* End PBXFrameworksBuildPhase section */

/* Begin PBXGroup section */
		CF492DB52E288E4000FE72F9 /* Products */ = {
			isa = PBXGroup;
			children = (
				CF492DBA2E288E4000FE72F9 /* Telemetry.framework */,
			);
			name = Products;
			sourceTree = "<group>";
		};
		CF492DBF2E288E5400FE72F9 /* Products */ = {
			isa = PBXGroup;
			children = (
				CF492DC42E288E5400FE72F9 /* Core.framework */,
			);
			name = Products;
			sourceTree = "<group>";
		};
		CF492DD52E288E5B00FE72F9 /* Products */ = {
			isa = PBXGroup;
			children = (
				CF492DDA2E288E5B00FE72F9 /* DI.framework */,
			);
			name = Products;
			sourceTree = "<group>";
		};
		CF492DEF2E288E6100FE72F9 /* Products */ = {
			isa = PBXGroup;
			children = (
				CF492DF42E288E6100FE72F9 /* Utilities.framework */,
			);
			name = Products;
			sourceTree = "<group>";
		};
		CF747D5F2E28500100E67F32 = {
			isa = PBXGroup;
			children = (
				CF747D6A2E28500200E67F32 /* Sources */,
				CF747D952E28503000E67F32 /* Frameworks */,
				CF747D692E28500200E67F32 /* Products */,
			);
			sourceTree = "<group>";
		};
		CF747D692E28500200E67F32 /* Products */ = {
			isa = PBXGroup;
			children = (
				CF747D682E28500200E67F32 /* DemoApp.app */,
			);
			name = Products;
			sourceTree = "<group>";
		};
		CF747D952E28503000E67F32 /* Frameworks */ = {
			isa = PBXGroup;
			children = (
				CF492D7C2E288C9200FE72F9 /* Core.xcodeproj */,
				CF492D5D2E288C9200FE72F9 /* DI.xcodeproj */,
				CF492DB42E288E4000FE72F9 /* Telemetry.xcodeproj */,
				CF492D922E288C9200FE72F9 /* Utilities.xcodeproj */,
			);
			name = Frameworks;
			sourceTree = "<group>";
		};
/* End PBXGroup section */

/* Begin PBXNativeTarget section */
		CF747D672E28500200E67F32 /* DemoApp */ = {
			isa = PBXNativeTarget;
			buildConfigurationList = CF747D8C2E28500400E67F32 /* Build configuration list for PBXNativeTarget "DemoApp" */;
			buildPhases = (
				CF747D642E28500200E67F32 /* Sources */,
				CF747D652E28500200E67F32 /* Frameworks */,
				CF747D662E28500200E67F32 /* Resources */,
				CF492D522E288AD700FE72F9 /* Embed Frameworks */,
			);
			buildRules = (
			);
			dependencies = (
			);
			fileSystemSynchronizedGroups = (
				CF747D6A2E28500200E67F32 /* Sources */,
			);
			name = DemoApp;
			packageProductDependencies = (
			);
			productName = TelemetryDemoApp;
			productReference = CF747D682E28500200E67F32 /* DemoApp.app */;
			productType = "com.apple.product-type.application";
		};
/* End PBXNativeTarget section */

/* Begin PBXProject section */
		CF747D602E28500200E67F32 /* Project object */ = {
			isa = PBXProject;
			attributes = {
				BuildIndependentTargetsInParallel = 1;
				LastSwiftUpdateCheck = 1600;
				LastUpgradeCheck = 1600;
				TargetAttributes = {
					CF747D672E28500200E67F32 = {
						CreatedOnToolsVersion = 16.0;
					};
				};
			};
			buildConfigurationList = CF747D632E28500200E67F32 /* Build configuration list for PBXProject "DemoApp" */;
			developmentRegion = en;
			hasScannedForEncodings = 0;
			knownRegions = (
				en,
				Base,
			);
			mainGroup = CF747D5F2E28500100E67F32;
			minimizedProjectReferenceProxies = 1;
			preferredProjectObjectVersion = 77;
			productRefGroup = CF747D692E28500200E67F32 /* Products */;
			projectDirPath = "";
			projectReferences = (
				{
					ProductGroup = CF492DBF2E288E5400FE72F9 /* Products */;
					ProjectRef = CF492D7C2E288C9200FE72F9 /* Core.xcodeproj */;
				},
				{
					ProductGroup = CF492DD52E288E5B00FE72F9 /* Products */;
					ProjectRef = CF492D5D2E288C9200FE72F9 /* DI.xcodeproj */;
				},
				{
					ProductGroup = CF492DB52E288E4000FE72F9 /* Products */;
					ProjectRef = CF492DB42E288E4000FE72F9 /* Telemetry.xcodeproj */;
				},
				{
					ProductGroup = CF492DEF2E288E6100FE72F9 /* Products */;
					ProjectRef = CF492D922E288C9200FE72F9 /* Utilities.xcodeproj */;
				},
			);
			projectRoot = "";
			targets = (
				CF747D672E28500200E67F32 /* DemoApp */,
			);
		};
/* End PBXProject section */

/* Begin PBXReferenceProxy section */
		CF492DBA2E288E4000FE72F9 /* Telemetry.framework */ = {
			isa = PBXReferenceProxy;
			fileType = wrapper.framework;
			path = Telemetry.framework;
			remoteRef = CF492DB92E288E4000FE72F9 /* PBXContainerItemProxy */;
			sourceTree = BUILT_PRODUCTS_DIR;
		};
		CF492DC42E288E5400FE72F9 /* Core.framework */ = {
			isa = PBXReferenceProxy;
			fileType = wrapper.framework;
			path = Core.framework;
			remoteRef = CF492DC32E288E5400FE72F9 /* PBXContainerItemProxy */;
			sourceTree = BUILT_PRODUCTS_DIR;
		};
		CF492DDA2E288E5B00FE72F9 /* DI.framework */ = {
			isa = PBXReferenceProxy;
			fileType = wrapper.framework;
			path = DI.framework;
			remoteRef = CF492DD92E288E5B00FE72F9 /* PBXContainerItemProxy */;
			sourceTree = BUILT_PRODUCTS_DIR;
		};
		CF492DF42E288E6100FE72F9 /* Utilities.framework */ = {
			isa = PBXReferenceProxy;
			fileType = wrapper.framework;
			path = Utilities.framework;
			remoteRef = CF492DF32E288E6100FE72F9 /* PBXContainerItemProxy */;
			sourceTree = BUILT_PRODUCTS_DIR;
		};
/* End PBXReferenceProxy section */

/* Begin PBXResourcesBuildPhase section */
		CF747D662E28500200E67F32 /* Resources */ = {
			isa = PBXResourcesBuildPhase;
			buildActionMask = 2147483647;
			files = (
			);
			runOnlyForDeploymentPostprocessing = 0;
		};
/* End PBXResourcesBuildPhase section */

/* Begin PBXSourcesBuildPhase section */
		CF747D642E28500200E67F32 /* Sources */ = {
			isa = PBXSourcesBuildPhase;
			buildActionMask = 2147483647;
			files = (
			);
			runOnlyForDeploymentPostprocessing = 0;
		};
/* End PBXSourcesBuildPhase section */

/* Begin XCBuildConfiguration section */
		CF747D8A2E28500400E67F32 /* Debug */ = {
			isa = XCBuildConfiguration;
			buildSettings = {
				ALWAYS_SEARCH_USER_PATHS = NO;
				ASSETCATALOG_COMPILER_GENERATE_SWIFT_ASSET_SYMBOL_EXTENSIONS = YES;
				CLANG_ANALYZER_NONNULL = YES;
				CLANG_ANALYZER_NUMBER_OBJECT_CONVERSION = YES_AGGRESSIVE;
				CLANG_CXX_LANGUAGE_STANDARD = "gnu++20";
				CLANG_ENABLE_MODULES = YES;
				CLANG_ENABLE_OBJC_ARC = YES;
				CLANG_ENABLE_OBJC_WEAK = YES;
				CLANG_WARN_BLOCK_CAPTURE_AUTORELEASING = YES;
				CLANG_WARN_BOOL_CONVERSION = YES;
				CLANG_WARN_COMMA = YES;
				CLANG_WARN_CONSTANT_CONVERSION = YES;
				CLANG_WARN_DEPRECATED_OBJC_IMPLEMENTATIONS = YES;
				CLANG_WARN_DIRECT_OBJC_ISA_USAGE = YES_ERROR;
				CLANG_WARN_DOCUMENTATION_COMMENTS = YES;
				CLANG_WARN_EMPTY_BODY = YES;
				CLANG_WARN_ENUM_CONVERSION = YES;
				CLANG_WARN_INFINITE_RECURSION = YES;
				CLANG_WARN_INT_CONVERSION = YES;
				CLANG_WARN_NON_LITERAL_NULL_CONVERSION = YES;
				CLANG_WARN_OBJC_IMPLICIT_RETAIN_SELF = YES;
				CLANG_WARN_OBJC_LITERAL_CONVERSION = YES;
				CLANG_WARN_OBJC_ROOT_CLASS = YES_ERROR;
				CLANG_WARN_QUOTED_INCLUDE_IN_FRAMEWORK_HEADER = YES;
				CLANG_WARN_RANGE_LOOP_ANALYSIS = YES;
				CLANG_WARN_STRICT_PROTOTYPES = YES;
				CLANG_WARN_SUSPICIOUS_MOVE = YES;
				CLANG_WARN_UNGUARDED_AVAILABILITY = YES_AGGRESSIVE;
				CLANG_WARN_UNREACHABLE_CODE = YES;
				CLANG_WARN__DUPLICATE_METHOD_MATCH = YES;
				COPY_PHASE_STRIP = NO;
				DEBUG_INFORMATION_FORMAT = dwarf;
				ENABLE_STRICT_OBJC_MSGSEND = YES;
				ENABLE_TESTABILITY = YES;
				ENABLE_USER_SCRIPT_SANDBOXING = YES;
				GCC_C_LANGUAGE_STANDARD = gnu17;
				GCC_DYNAMIC_NO_PIC = NO;
				GCC_NO_COMMON_BLOCKS = YES;
				GCC_OPTIMIZATION_LEVEL = 0;
				GCC_PREPROCESSOR_DEFINITIONS = (
					"DEBUG=1",
					"$(inherited)",
				);
				GCC_WARN_64_TO_32_BIT_CONVERSION = YES;
				GCC_WARN_ABOUT_RETURN_TYPE = YES_ERROR;
				GCC_WARN_UNDECLARED_SELECTOR = YES;
				GCC_WARN_UNINITIALIZED_AUTOS = YES_AGGRESSIVE;
				GCC_WARN_UNUSED_FUNCTION = YES;
				GCC_WARN_UNUSED_VARIABLE = YES;
				IPHONEOS_DEPLOYMENT_TARGET = 18.0;
				LOCALIZATION_PREFERS_STRING_CATALOGS = YES;
				MTL_ENABLE_DEBUG_INFO = INCLUDE_SOURCE;
				MTL_FAST_MATH = YES;
				ONLY_ACTIVE_ARCH = YES;
				SDKROOT = iphoneos;
				SWIFT_ACTIVE_COMPILATION_CONDITIONS = "DEBUG $(inherited)";
				SWIFT_OPTIMIZATION_LEVEL = "-Onone";
			};
			name = Debug;
		};
		CF747D8B2E28500400E67F32 /* Release */ = {
			isa = XCBuildConfiguration;
			buildSettings = {
				ALWAYS_SEARCH_USER_PATHS = NO;
				ASSETCATALOG_COMPILER_GENERATE_SWIFT_ASSET_SYMBOL_EXTENSIONS = YES;
				CLANG_ANALYZER_NONNULL = YES;
				CLANG_ANALYZER_NUMBER_OBJECT_CONVERSION = YES_AGGRESSIVE;
				CLANG_CXX_LANGUAGE_STANDARD = "gnu++20";
				CLANG_ENABLE_MODULES = YES;
				CLANG_ENABLE_OBJC_ARC = YES;
				CLANG_ENABLE_OBJC_WEAK = YES;
				CLANG_WARN_BLOCK_CAPTURE_AUTORELEASING = YES;
				CLANG_WARN_BOOL_CONVERSION = YES;
				CLANG_WARN_COMMA = YES;
				CLANG_WARN_CONSTANT_CONVERSION = YES;
				CLANG_WARN_DEPRECATED_OBJC_IMPLEMENTATIONS = YES;
				CLANG_WARN_DIRECT_OBJC_ISA_USAGE = YES_ERROR;
				CLANG_WARN_DOCUMENTATION_COMMENTS = YES;
				CLANG_WARN_EMPTY_BODY = YES;
				CLANG_WARN_ENUM_CONVERSION = YES;
				CLANG_WARN_INFINITE_RECURSION = YES;
				CLANG_WARN_INT_CONVERSION = YES;
				CLANG_WARN_NON_LITERAL_NULL_CONVERSION = YES;
				CLANG_WARN_OBJC_IMPLICIT_RETAIN_SELF = YES;
				CLANG_WARN_OBJC_LITERAL_CONVERSION = YES;
				CLANG_WARN_OBJC_ROOT_CLASS = YES_ERROR;
				CLANG_WARN_QUOTED_INCLUDE_IN_FRAMEWORK_HEADER = YES;
				CLANG_WARN_RANGE_LOOP_ANALYSIS = YES;
				CLANG_WARN_STRICT_PROTOTYPES = YES;
				CLANG_WARN_SUSPICIOUS_MOVE = YES;
				CLANG_WARN_UNGUARDED_AVAILABILITY = YES_AGGRESSIVE;
				CLANG_WARN_UNREACHABLE_CODE = YES;
				CLANG_WARN__DUPLICATE_METHOD_MATCH = YES;
				COPY_PHASE_STRIP = NO;
				DEBUG_INFORMATION_FORMAT = "dwarf-with-dsym";
				ENABLE_NS_ASSERTIONS = NO;
				ENABLE_STRICT_OBJC_MSGSEND = YES;
				ENABLE_USER_SCRIPT_SANDBOXING = YES;
				GCC_C_LANGUAGE_STANDARD = gnu17;
				GCC_NO_COMMON_BLOCKS = YES;
				GCC_WARN_64_TO_32_BIT_CONVERSION = YES;
				GCC_WARN_ABOUT_RETURN_TYPE = YES_ERROR;
				GCC_WARN_UNDECLARED_SELECTOR = YES;
				GCC_WARN_UNINITIALIZED_AUTOS = YES_AGGRESSIVE;
				GCC_WARN_UNUSED_FUNCTION = YES;
				GCC_WARN_UNUSED_VARIABLE = YES;
				IPHONEOS_DEPLOYMENT_TARGET = 18.0;
				LOCALIZATION_PREFERS_STRING_CATALOGS = YES;
				MTL_ENABLE_DEBUG_INFO = NO;
				MTL_FAST_MATH = YES;
				SDKROOT = iphoneos;
				SWIFT_COMPILATION_MODE = wholemodule;
				VALIDATE_PRODUCT = YES;
			};
			name = Release;
		};
		CF747D8D2E28500400E67F32 /* Debug */ = {
			isa = XCBuildConfiguration;
			buildSettings = {
				ASSETCATALOG_COMPILER_APPICON_NAME = AppIcon;
				ASSETCATALOG_COMPILER_GLOBAL_ACCENT_COLOR_NAME = AccentColor;
				CODE_SIGN_STYLE = Automatic;
				CURRENT_PROJECT_VERSION = 1;
				DEVELOPMENT_ASSET_PATHS = "";
				ENABLE_PREVIEWS = YES;
				GENERATE_INFOPLIST_FILE = YES;
				INFOPLIST_KEY_UIApplicationSceneManifest_Generation = YES;
				INFOPLIST_KEY_UIApplicationSupportsIndirectInputEvents = YES;
				INFOPLIST_KEY_UILaunchScreen_Generation = YES;
				INFOPLIST_KEY_UISupportedInterfaceOrientations = UIInterfaceOrientationPortrait;
				LD_RUNPATH_SEARCH_PATHS = (
					"$(inherited)",
					"@executable_path/Frameworks",
				);
				MARKETING_VERSION = 1.0;
				PRODUCT_BUNDLE_IDENTIFIER = com.truvideo.TelemetryDemoApp;
				PRODUCT_NAME = "$(TARGET_NAME)";
				SWIFT_EMIT_LOC_STRINGS = YES;
				SWIFT_VERSION = 5.0;
				TARGETED_DEVICE_FAMILY = "1,2";
			};
			name = Debug;
		};
		CF747D8E2E28500400E67F32 /* Release */ = {
			isa = XCBuildConfiguration;
			buildSettings = {
				ASSETCATALOG_COMPILER_APPICON_NAME = AppIcon;
				ASSETCATALOG_COMPILER_GLOBAL_ACCENT_COLOR_NAME = AccentColor;
				CODE_SIGN_STYLE = Automatic;
				CURRENT_PROJECT_VERSION = 1;
				DEVELOPMENT_ASSET_PATHS = "";
				ENABLE_PREVIEWS = YES;
				GENERATE_INFOPLIST_FILE = YES;
				INFOPLIST_KEY_UIApplicationSceneManifest_Generation = YES;
				INFOPLIST_KEY_UIApplicationSupportsIndirectInputEvents = YES;
				INFOPLIST_KEY_UILaunchScreen_Generation = YES;
				INFOPLIST_KEY_UISupportedInterfaceOrientations = UIInterfaceOrientationPortrait;
				LD_RUNPATH_SEARCH_PATHS = (
					"$(inherited)",
					"@executable_path/Frameworks",
				);
				MARKETING_VERSION = 1.0;
				PRODUCT_BUNDLE_IDENTIFIER = com.truvideo.TelemetryDemoApp;
				PRODUCT_NAME = "$(TARGET_NAME)";
				SWIFT_EMIT_LOC_STRINGS = YES;
				SWIFT_VERSION = 5.0;
				TARGETED_DEVICE_FAMILY = "1,2";
			};
			name = Release;
		};
/* End XCBuildConfiguration section */

/* Begin XCConfigurationList section */
		CF747D632E28500200E67F32 /* Build configuration list for PBXProject "DemoApp" */ = {
			isa = XCConfigurationList;
			buildConfigurations = (
				CF747D8A2E28500400E67F32 /* Debug */,
				CF747D8B2E28500400E67F32 /* Release */,
			);
			defaultConfigurationIsVisible = 0;
			defaultConfigurationName = Release;
		};
		CF747D8C2E28500400E67F32 /* Build configuration list for PBXNativeTarget "DemoApp" */ = {
			isa = XCConfigurationList;
			buildConfigurations = (
				CF747D8D2E28500400E67F32 /* Debug */,
				CF747D8E2E28500400E67F32 /* Release */,
			);
			defaultConfigurationIsVisible = 0;
			defaultConfigurationName = Release;
		};
/* End XCConfigurationList section */
	};
	rootObject = CF747D602E28500200E67F32 /* Project object */;
}
