// !$*UTF8*$!
{
	archiveVersion = 1;
	classes = {
	};
	objectVersion = 77;
	objects = {

/* Begin PBXBuildFile section */
		CF35FACA2E1DE777003D218C /* UIDevice+Extension.swift in Sources */ = {isa = PBXBuildFile; fileRef = CF35FAC92E1DE770003D218C /* UIDevice+Extension.swift */; };
		CF6256232E1E0B560078B3D2 /* ProccessInfo+Extension.swift in Sources */ = {isa = PBXBuildFile; fileRef = CF6256222E1E0B560078B3D2 /* ProccessInfo+Extension.swift */; };
		CF6256262E1E0C700078B3D2 /* NWPath+Extension.swift in Sources */ = {isa = PBXBuildFile; fileRef = CF6256252E1E0C700078B3D2 /* NWPath+Extension.swift */; };
		CFF5AFD72E09BBA3002B8819 /* CommonUtilities.framework in Frameworks */ = {isa = PBXBuildFile; fileRef = CFF5AFCC2E09BBA3002B8819 /* CommonUtilities.framework */; };
		CFF5B0042E09BC4D002B8819 /* Error+Extension.swift in Sources */ = {isa = PBXBuildFile; fileRef = CFF5AFFD2E09BC4D002B8819 /* Error+Extension.swift */; };
		CFF5B0062E09BC4D002B8819 /* Data+Extension.swift in Sources */ = {isa = PBXBuildFile; fileRef = CFF5AFFC2E09BC4D002B8819 /* Data+Extension.swift */; };
		CFF5B00F2E09BC4D002B8819 /* String+Extension.swift in Sources */ = {isa = PBXBuildFile; fileRef = CFF5AFFF2E09BC4D002B8819 /* String+Extension.swift */; };
		CFF5B0102E09BC4D002B8819 /* Optional+Extension.swift in Sources */ = {isa = PBXBuildFile; fileRef = CFF5AFFE2E09BC4D002B8819 /* Optional+Extension.swift */; };
		CFF5B0442E09C663002B8819 /* MediaJson.swift in Sources */ = {isa = PBXBuildFile; fileRef = CFF5B0412E09C663002B8819 /* MediaJson.swift */; };
		CFF5B0452E09C663002B8819 /* TokenProviderMock.swift in Sources */ = {isa = PBXBuildFile; fileRef = CFF5B03E2E09C663002B8819 /* TokenProviderMock.swift */; };
		CFF5B0462E09C663002B8819 /* HTTPClientMock.swift in Sources */ = {isa = PBXBuildFile; fileRef = CFF5B03C2E09C663002B8819 /* HTTPClientMock.swift */; };
		CFF5B0662E09C746002B8819 /* TruvideoSdk in Frameworks */ = {isa = PBXBuildFile; productRef = CFF5B0652E09C746002B8819 /* TruvideoSdk */; };
		CFF5B0682E09C77C002B8819 /* CommonUtilityError.swift in Sources */ = {isa = PBXBuildFile; fileRef = CFF5B0672E09C77C002B8819 /* CommonUtilityError.swift */; };
		CFF5B06F2E09CA25002B8819 /* CommonUtilities.h in Headers */ = {isa = PBXBuildFile; fileRef = CFF5B06E2E09CA25002B8819 /* CommonUtilities.h */; };
		CFF5B0AD2E0A0B52002B8819 /* Bundle+Extension.swift in Sources */ = {isa = PBXBuildFile; fileRef = CFF5B0AC2E0A0B4D002B8819 /* Bundle+Extension.swift */; };
/* End PBXBuildFile section */

/* Begin PBXContainerItemProxy section */
		CFF5AFD82E09BBA3002B8819 /* PBXContainerItemProxy */ = {
			isa = PBXContainerItemProxy;
			containerPortal = CFF5AFC32E09BBA3002B8819 /* Project object */;
			proxyType = 1;
			remoteGlobalIDString = CFF5AFCB2E09BBA3002B8819;
			remoteInfo = CommonUtilities;
		};
/* End PBXContainerItemProxy section */

/* Begin PBXFileReference section */
		CF35FAC92E1DE770003D218C /* UIDevice+Extension.swift */ = {isa = PBXFileReference; lastKnownFileType = sourcecode.swift; path = "UIDevice+Extension.swift"; sourceTree = "<group>"; };
		CF6256222E1E0B560078B3D2 /* ProccessInfo+Extension.swift */ = {isa = PBXFileReference; lastKnownFileType = sourcecode.swift; path = "ProccessInfo+Extension.swift"; sourceTree = "<group>"; };
		CF6256252E1E0C700078B3D2 /* NWPath+Extension.swift */ = {isa = PBXFileReference; lastKnownFileType = sourcecode.swift; path = "NWPath+Extension.swift"; sourceTree = "<group>"; };
		CFF5AFCC2E09BBA3002B8819 /* CommonUtilities.framework */ = {isa = PBXFileReference; explicitFileType = wrapper.framework; includeInIndex = 0; path = CommonUtilities.framework; sourceTree = BUILT_PRODUCTS_DIR; };
		CFF5AFD62E09BBA3002B8819 /* CommonUtilitiesTests.xctest */ = {isa = PBXFileReference; explicitFileType = wrapper.cfbundle; includeInIndex = 0; path = CommonUtilitiesTests.xctest; sourceTree = BUILT_PRODUCTS_DIR; };
		CFF5AFFC2E09BC4D002B8819 /* Data+Extension.swift */ = {isa = PBXFileReference; lastKnownFileType = sourcecode.swift; path = "Data+Extension.swift"; sourceTree = "<group>"; };
		CFF5AFFD2E09BC4D002B8819 /* Error+Extension.swift */ = {isa = PBXFileReference; lastKnownFileType = sourcecode.swift; path = "Error+Extension.swift"; sourceTree = "<group>"; };
		CFF5AFFE2E09BC4D002B8819 /* Optional+Extension.swift */ = {isa = PBXFileReference; lastKnownFileType = sourcecode.swift; path = "Optional+Extension.swift"; sourceTree = "<group>"; };
		CFF5AFFF2E09BC4D002B8819 /* String+Extension.swift */ = {isa = PBXFileReference; lastKnownFileType = sourcecode.swift; path = "String+Extension.swift"; sourceTree = "<group>"; };
		CFF5B03C2E09C663002B8819 /* HTTPClientMock.swift */ = {isa = PBXFileReference; lastKnownFileType = sourcecode.swift; path = HTTPClientMock.swift; sourceTree = "<group>"; };
		CFF5B03E2E09C663002B8819 /* TokenProviderMock.swift */ = {isa = PBXFileReference; lastKnownFileType = sourcecode.swift; path = TokenProviderMock.swift; sourceTree = "<group>"; };
		CFF5B0412E09C663002B8819 /* MediaJson.swift */ = {isa = PBXFileReference; lastKnownFileType = sourcecode.swift; path = MediaJson.swift; sourceTree = "<group>"; };
		CFF5B0672E09C77C002B8819 /* CommonUtilityError.swift */ = {isa = PBXFileReference; lastKnownFileType = sourcecode.swift; path = CommonUtilityError.swift; sourceTree = "<group>"; };
		CFF5B06E2E09CA25002B8819 /* CommonUtilities.h */ = {isa = PBXFileReference; lastKnownFileType = sourcecode.c.h; path = CommonUtilities.h; sourceTree = "<group>"; };
		CFF5B0AC2E0A0B4D002B8819 /* Bundle+Extension.swift */ = {isa = PBXFileReference; lastKnownFileType = sourcecode.swift; path = "Bundle+Extension.swift"; sourceTree = "<group>"; };
/* End PBXFileReference section */

/* Begin PBXFrameworksBuildPhase section */
		CFF5AFC92E09BBA3002B8819 /* Frameworks */ = {
			isa = PBXFrameworksBuildPhase;
			buildActionMask = 2147483647;
			files = (
				CFF5B0662E09C746002B8819 /* TruvideoSdk in Frameworks */,
			);
			runOnlyForDeploymentPostprocessing = 0;
		};
		CFF5AFD32E09BBA3002B8819 /* Frameworks */ = {
			isa = PBXFrameworksBuildPhase;
			buildActionMask = 2147483647;
			files = (
				CFF5AFD72E09BBA3002B8819 /* CommonUtilities.framework in Frameworks */,
			);
			runOnlyForDeploymentPostprocessing = 0;
		};
/* End PBXFrameworksBuildPhase section */

/* Begin PBXGroup section */
		CFF5AFC22E09BBA3002B8819 = {
			isa = PBXGroup;
			children = (
				CFF5B0012E09BC4D002B8819 /* Sources */,
				CFF5B0032E09BC4D002B8819 /* Tests */,
				CFF5AFCD2E09BBA3002B8819 /* Products */,
			);
			sourceTree = "<group>";
		};
		CFF5AFCD2E09BBA3002B8819 /* Products */ = {
			isa = PBXGroup;
			children = (
				CFF5AFCC2E09BBA3002B8819 /* CommonUtilities.framework */,
				CFF5AFD62E09BBA3002B8819 /* CommonUtilitiesTests.xctest */,
			);
			name = Products;
			sourceTree = "<group>";
		};
		CFF5AFFB2E09BC4D002B8819 /* Error */ = {
			isa = PBXGroup;
			children = (
				CFF5B0672E09C77C002B8819 /* CommonUtilityError.swift */,
			);
			path = Error;
			sourceTree = "<group>";
		};
		CFF5B0002E09BC4D002B8819 /* Extensions */ = {
			isa = PBXGroup;
			children = (
				CFF5B0AC2E0A0B4D002B8819 /* Bundle+Extension.swift */,
				CFF5AFFC2E09BC4D002B8819 /* Data+Extension.swift */,
				CFF5AFFD2E09BC4D002B8819 /* Error+Extension.swift */,
				CF6256252E1E0C700078B3D2 /* NWPath+Extension.swift */,
				CFF5AFFE2E09BC4D002B8819 /* Optional+Extension.swift */,
				CF6256222E1E0B560078B3D2 /* ProccessInfo+Extension.swift */,
				CFF5AFFF2E09BC4D002B8819 /* String+Extension.swift */,
				CF35FAC92E1DE770003D218C /* UIDevice+Extension.swift */,
			);
			path = Extensions;
			sourceTree = "<group>";
		};
		CFF5B0012E09BC4D002B8819 /* Sources */ = {
			isa = PBXGroup;
			children = (
				CFF5AFFB2E09BC4D002B8819 /* Error */,
				CFF5B0002E09BC4D002B8819 /* Extensions */,
				CFF5B06E2E09CA25002B8819 /* CommonUtilities.h */,
			);
			path = Sources;
			sourceTree = "<group>";
		};
		CFF5B0032E09BC4D002B8819 /* Tests */ = {
			isa = PBXGroup;
			children = (
				CFF5B0402E09C663002B8819 /* Network */,
				CFF5B0432E09C663002B8819 /* Resources */,
			);
			path = Tests;
			sourceTree = "<group>";
		};
		CFF5B03D2E09C663002B8819 /* HTTPClient */ = {
			isa = PBXGroup;
			children = (
				CFF5B03C2E09C663002B8819 /* HTTPClientMock.swift */,
			);
			path = HTTPClient;
			sourceTree = "<group>";
		};
		CFF5B03F2E09C663002B8819 /* TokenProvider */ = {
			isa = PBXGroup;
			children = (
				CFF5B03E2E09C663002B8819 /* TokenProviderMock.swift */,
			);
			path = TokenProvider;
			sourceTree = "<group>";
		};
		CFF5B0402E09C663002B8819 /* Network */ = {
			isa = PBXGroup;
			children = (
				CFF5B03D2E09C663002B8819 /* HTTPClient */,
				CFF5B03F2E09C663002B8819 /* TokenProvider */,
			);
			path = Network;
			sourceTree = "<group>";
		};
		CFF5B0422E09C663002B8819 /* JSONS */ = {
			isa = PBXGroup;
			children = (
				CFF5B0412E09C663002B8819 /* MediaJson.swift */,
			);
			path = JSONS;
			sourceTree = "<group>";
		};
		CFF5B0432E09C663002B8819 /* Resources */ = {
			isa = PBXGroup;
			children = (
				CFF5B0422E09C663002B8819 /* JSONS */,
			);
			path = Resources;
			sourceTree = "<group>";
		};
/* End PBXGroup section */

/* Begin PBXHeadersBuildPhase section */
		CFF5AFC72E09BBA3002B8819 /* Headers */ = {
			isa = PBXHeadersBuildPhase;
			buildActionMask = 2147483647;
			files = (
				CFF5B06F2E09CA25002B8819 /* CommonUtilities.h in Headers */,
			);
			runOnlyForDeploymentPostprocessing = 0;
		};
/* End PBXHeadersBuildPhase section */

/* Begin PBXNativeTarget section */
		CFF5AFCB2E09BBA3002B8819 /* CommonUtilities */ = {
			isa = PBXNativeTarget;
			buildConfigurationList = CFF5AFDF2E09BBA3002B8819 /* Build configuration list for PBXNativeTarget "CommonUtilities" */;
			buildPhases = (
				CFF5AFC72E09BBA3002B8819 /* Headers */,
				CFF5AFC82E09BBA3002B8819 /* Sources */,
				CFF5AFC92E09BBA3002B8819 /* Frameworks */,
				CFF5AFCA2E09BBA3002B8819 /* Resources */,
			);
			buildRules = (
			);
			dependencies = (
			);
			name = CommonUtilities;
			packageProductDependencies = (
				CFF5B0652E09C746002B8819 /* TruvideoSdk */,
			);
			productName = CommonUtilities;
			productReference = CFF5AFCC2E09BBA3002B8819 /* CommonUtilities.framework */;
			productType = "com.apple.product-type.framework";
		};
		CFF5AFD52E09BBA3002B8819 /* CommonUtilitiesTests */ = {
			isa = PBXNativeTarget;
			buildConfigurationList = CFF5AFE42E09BBA3002B8819 /* Build configuration list for PBXNativeTarget "CommonUtilitiesTests" */;
			buildPhases = (
				CFF5AFD22E09BBA3002B8819 /* Sources */,
				CFF5AFD32E09BBA3002B8819 /* Frameworks */,
				CFF5AFD42E09BBA3002B8819 /* Resources */,
			);
			buildRules = (
			);
			dependencies = (
				CFF5AFD92E09BBA3002B8819 /* PBXTargetDependency */,
			);
			name = CommonUtilitiesTests;
			packageProductDependencies = (
			);
			productName = CommonUtilitiesTests;
			productReference = CFF5AFD62E09BBA3002B8819 /* CommonUtilitiesTests.xctest */;
			productType = "com.apple.product-type.bundle.unit-test";
		};
/* End PBXNativeTarget section */

/* Begin PBXProject section */
		CFF5AFC32E09BBA3002B8819 /* Project object */ = {
			isa = PBXProject;
			attributes = {
				BuildIndependentTargetsInParallel = 1;
				LastSwiftUpdateCheck = 1600;
				LastUpgradeCheck = 1600;
				TargetAttributes = {
					CFF5AFCB2E09BBA3002B8819 = {
						CreatedOnToolsVersion = 16.0;
					};
					CFF5AFD52E09BBA3002B8819 = {
						CreatedOnToolsVersion = 16.0;
					};
				};
			};
			buildConfigurationList = CFF5AFC62E09BBA3002B8819 /* Build configuration list for PBXProject "CommonUtilities" */;
			developmentRegion = en;
			hasScannedForEncodings = 0;
			knownRegions = (
				en,
				Base,
			);
			mainGroup = CFF5AFC22E09BBA3002B8819;
			minimizedProjectReferenceProxies = 1;
			packageReferences = (
				CFF5B0642E09C746002B8819 /* XCRemoteSwiftPackageReference "truvideo-sdk-ios-core" */,
			);
			preferredProjectObjectVersion = 77;
			productRefGroup = CFF5AFCD2E09BBA3002B8819 /* Products */;
			projectDirPath = "";
			projectRoot = "";
			targets = (
				CFF5AFCB2E09BBA3002B8819 /* CommonUtilities */,
				CFF5AFD52E09BBA3002B8819 /* CommonUtilitiesTests */,
			);
		};
/* End PBXProject section */

/* Begin PBXResourcesBuildPhase section */
		CFF5AFCA2E09BBA3002B8819 /* Resources */ = {
			isa = PBXResourcesBuildPhase;
			buildActionMask = 2147483647;
			files = (
			);
			runOnlyForDeploymentPostprocessing = 0;
		};
		CFF5AFD42E09BBA3002B8819 /* Resources */ = {
			isa = PBXResourcesBuildPhase;
			buildActionMask = 2147483647;
			files = (
			);
			runOnlyForDeploymentPostprocessing = 0;
		};
/* End PBXResourcesBuildPhase section */

/* Begin PBXSourcesBuildPhase section */
		CFF5AFC82E09BBA3002B8819 /* Sources */ = {
			isa = PBXSourcesBuildPhase;
			buildActionMask = 2147483647;
			files = (
				CF6256232E1E0B560078B3D2 /* ProccessInfo+Extension.swift in Sources */,
				CF35FACA2E1DE777003D218C /* UIDevice+Extension.swift in Sources */,
				CFF5B0042E09BC4D002B8819 /* Error+Extension.swift in Sources */,
				CFF5B0062E09BC4D002B8819 /* Data+Extension.swift in Sources */,
				CFF5B0AD2E0A0B52002B8819 /* Bundle+Extension.swift in Sources */,
				CFF5B0682E09C77C002B8819 /* CommonUtilityError.swift in Sources */,
				CFF5B00F2E09BC4D002B8819 /* String+Extension.swift in Sources */,
				CFF5B0102E09BC4D002B8819 /* Optional+Extension.swift in Sources */,
				CF6256262E1E0C700078B3D2 /* NWPath+Extension.swift in Sources */,
			);
			runOnlyForDeploymentPostprocessing = 0;
		};
		CFF5AFD22E09BBA3002B8819 /* Sources */ = {
			isa = PBXSourcesBuildPhase;
			buildActionMask = 2147483647;
			files = (
				CFF5B0442E09C663002B8819 /* MediaJson.swift in Sources */,
				CFF5B0452E09C663002B8819 /* TokenProviderMock.swift in Sources */,
				CFF5B0462E09C663002B8819 /* HTTPClientMock.swift in Sources */,
			);
			runOnlyForDeploymentPostprocessing = 0;
		};
/* End PBXSourcesBuildPhase section */

/* Begin PBXTargetDependency section */
		CFF5AFD92E09BBA3002B8819 /* PBXTargetDependency */ = {
			isa = PBXTargetDependency;
			target = CFF5AFCB2E09BBA3002B8819 /* CommonUtilities */;
			targetProxy = CFF5AFD82E09BBA3002B8819 /* PBXContainerItemProxy */;
		};
/* End PBXTargetDependency section */

/* Begin XCBuildConfiguration section */
		CFF5AFE02E09BBA3002B8819 /* Debug */ = {
			isa = XCBuildConfiguration;
			buildSettings = {
				BUILD_LIBRARY_FOR_DISTRIBUTION = YES;
				CODE_SIGN_STYLE = Automatic;
				CURRENT_PROJECT_VERSION = 1;
				DEFINES_MODULE = YES;
				DYLIB_COMPATIBILITY_VERSION = 1;
				DYLIB_CURRENT_VERSION = 1;
				DYLIB_INSTALL_NAME_BASE = "@rpath";
				ENABLE_MODULE_VERIFIER = YES;
				GENERATE_INFOPLIST_FILE = YES;
				INFOPLIST_KEY_NSHumanReadableCopyright = "";
				INSTALL_PATH = "$(LOCAL_LIBRARY_DIR)/Frameworks";
				IPHONEOS_DEPLOYMENT_TARGET = 15.0;
				LD_RUNPATH_SEARCH_PATHS = (
					"$(inherited)",
					"@executable_path/Frameworks",
					"@loader_path/Frameworks",
				);
				MARKETING_VERSION = 1.0;
				MODULE_VERIFIER_SUPPORTED_LANGUAGES = "objective-c objective-c++";
				MODULE_VERIFIER_SUPPORTED_LANGUAGE_STANDARDS = "gnu17 gnu++20";
				PRODUCT_BUNDLE_IDENTIFIER = com.CommonUtilities;
				PRODUCT_NAME = "$(TARGET_NAME:c99extidentifier)";
				SKIP_INSTALL = YES;
				SWIFT_EMIT_LOC_STRINGS = YES;
				SWIFT_INSTALL_OBJC_HEADER = NO;
				SWIFT_VERSION = 5.0;
				TARGETED_DEVICE_FAMILY = "1,2";
			};
			name = Debug;
		};
		CFF5AFE12E09BBA3002B8819 /* Release */ = {
			isa = XCBuildConfiguration;
			buildSettings = {
				BUILD_LIBRARY_FOR_DISTRIBUTION = YES;
				CODE_SIGN_STYLE = Automatic;
				CURRENT_PROJECT_VERSION = 1;
				DEFINES_MODULE = YES;
				DYLIB_COMPATIBILITY_VERSION = 1;
				DYLIB_CURRENT_VERSION = 1;
				DYLIB_INSTALL_NAME_BASE = "@rpath";
				ENABLE_MODULE_VERIFIER = YES;
				GENERATE_INFOPLIST_FILE = YES;
				INFOPLIST_KEY_NSHumanReadableCopyright = "";
				INSTALL_PATH = "$(LOCAL_LIBRARY_DIR)/Frameworks";
				IPHONEOS_DEPLOYMENT_TARGET = 15.0;
				LD_RUNPATH_SEARCH_PATHS = (
					"$(inherited)",
					"@executable_path/Frameworks",
					"@loader_path/Frameworks",
				);
				MARKETING_VERSION = 1.0;
				MODULE_VERIFIER_SUPPORTED_LANGUAGES = "objective-c objective-c++";
				MODULE_VERIFIER_SUPPORTED_LANGUAGE_STANDARDS = "gnu17 gnu++20";
				PRODUCT_BUNDLE_IDENTIFIER = com.CommonUtilities;
				PRODUCT_NAME = "$(TARGET_NAME:c99extidentifier)";
				SKIP_INSTALL = YES;
				SWIFT_EMIT_LOC_STRINGS = YES;
				SWIFT_INSTALL_OBJC_HEADER = NO;
				SWIFT_VERSION = 5.0;
				TARGETED_DEVICE_FAMILY = "1,2";
			};
			name = Release;
		};
		CFF5AFE22E09BBA3002B8819 /* Debug */ = {
			isa = XCBuildConfiguration;
			buildSettings = {
				ALWAYS_SEARCH_USER_PATHS = NO;
				ASSETCATALOG_COMPILER_GENERATE_SWIFT_ASSET_SYMBOL_EXTENSIONS = YES;
				CLANG_ANALYZER_NONNULL = YES;
				CLANG_ANALYZER_NUMBER_OBJECT_CONVERSION = YES_AGGRESSIVE;
				CLANG_CXX_LANGUAGE_STANDARD = "gnu++20";
				CLANG_ENABLE_MODULES = YES;
				CLANG_ENABLE_OBJC_ARC = YES;
				CLANG_ENABLE_OBJC_WEAK = YES;
				CLANG_WARN_BLOCK_CAPTURE_AUTORELEASING = YES;
				CLANG_WARN_BOOL_CONVERSION = YES;
				CLANG_WARN_COMMA = YES;
				CLANG_WARN_CONSTANT_CONVERSION = YES;
				CLANG_WARN_DEPRECATED_OBJC_IMPLEMENTATIONS = YES;
				CLANG_WARN_DIRECT_OBJC_ISA_USAGE = YES_ERROR;
				CLANG_WARN_DOCUMENTATION_COMMENTS = YES;
				CLANG_WARN_EMPTY_BODY = YES;
				CLANG_WARN_ENUM_CONVERSION = YES;
				CLANG_WARN_INFINITE_RECURSION = YES;
				CLANG_WARN_INT_CONVERSION = YES;
				CLANG_WARN_NON_LITERAL_NULL_CONVERSION = YES;
				CLANG_WARN_OBJC_IMPLICIT_RETAIN_SELF = YES;
				CLANG_WARN_OBJC_LITERAL_CONVERSION = YES;
				CLANG_WARN_OBJC_ROOT_CLASS = YES_ERROR;
				CLANG_WARN_QUOTED_INCLUDE_IN_FRAMEWORK_HEADER = YES;
				CLANG_WARN_RANGE_LOOP_ANALYSIS = YES;
				CLANG_WARN_STRICT_PROTOTYPES = YES;
				CLANG_WARN_SUSPICIOUS_MOVE = YES;
				CLANG_WARN_UNGUARDED_AVAILABILITY = YES_AGGRESSIVE;
				CLANG_WARN_UNREACHABLE_CODE = YES;
				CLANG_WARN__DUPLICATE_METHOD_MATCH = YES;
				COPY_PHASE_STRIP = NO;
				CURRENT_PROJECT_VERSION = 1;
				DEBUG_INFORMATION_FORMAT = dwarf;
				ENABLE_STRICT_OBJC_MSGSEND = YES;
				ENABLE_TESTABILITY = YES;
				ENABLE_USER_SCRIPT_SANDBOXING = YES;
				GCC_C_LANGUAGE_STANDARD = gnu17;
				GCC_DYNAMIC_NO_PIC = NO;
				GCC_NO_COMMON_BLOCKS = YES;
				GCC_OPTIMIZATION_LEVEL = 0;
				GCC_PREPROCESSOR_DEFINITIONS = (
					"DEBUG=1",
					"$(inherited)",
				);
				GCC_WARN_64_TO_32_BIT_CONVERSION = YES;
				GCC_WARN_ABOUT_RETURN_TYPE = YES_ERROR;
				GCC_WARN_UNDECLARED_SELECTOR = YES;
				GCC_WARN_UNINITIALIZED_AUTOS = YES_AGGRESSIVE;
				GCC_WARN_UNUSED_FUNCTION = YES;
				GCC_WARN_UNUSED_VARIABLE = YES;
				IPHONEOS_DEPLOYMENT_TARGET = 18.0;
				LOCALIZATION_PREFERS_STRING_CATALOGS = YES;
				MTL_ENABLE_DEBUG_INFO = INCLUDE_SOURCE;
				MTL_FAST_MATH = YES;
				ONLY_ACTIVE_ARCH = YES;
				SDKROOT = iphoneos;
				SWIFT_ACTIVE_COMPILATION_CONDITIONS = "DEBUG $(inherited)";
				SWIFT_OPTIMIZATION_LEVEL = "-Onone";
				VERSIONING_SYSTEM = "apple-generic";
				VERSION_INFO_PREFIX = "";
			};
			name = Debug;
		};
		CFF5AFE32E09BBA3002B8819 /* Release */ = {
			isa = XCBuildConfiguration;
			buildSettings = {
				ALWAYS_SEARCH_USER_PATHS = NO;
				ASSETCATALOG_COMPILER_GENERATE_SWIFT_ASSET_SYMBOL_EXTENSIONS = YES;
				CLANG_ANALYZER_NONNULL = YES;
				CLANG_ANALYZER_NUMBER_OBJECT_CONVERSION = YES_AGGRESSIVE;
				CLANG_CXX_LANGUAGE_STANDARD = "gnu++20";
				CLANG_ENABLE_MODULES = YES;
				CLANG_ENABLE_OBJC_ARC = YES;
				CLANG_ENABLE_OBJC_WEAK = YES;
				CLANG_WARN_BLOCK_CAPTURE_AUTORELEASING = YES;
				CLANG_WARN_BOOL_CONVERSION = YES;
				CLANG_WARN_COMMA = YES;
				CLANG_WARN_CONSTANT_CONVERSION = YES;
				CLANG_WARN_DEPRECATED_OBJC_IMPLEMENTATIONS = YES;
				CLANG_WARN_DIRECT_OBJC_ISA_USAGE = YES_ERROR;
				CLANG_WARN_DOCUMENTATION_COMMENTS = YES;
				CLANG_WARN_EMPTY_BODY = YES;
				CLANG_WARN_ENUM_CONVERSION = YES;
				CLANG_WARN_INFINITE_RECURSION = YES;
				CLANG_WARN_INT_CONVERSION = YES;
				CLANG_WARN_NON_LITERAL_NULL_CONVERSION = YES;
				CLANG_WARN_OBJC_IMPLICIT_RETAIN_SELF = YES;
				CLANG_WARN_OBJC_LITERAL_CONVERSION = YES;
				CLANG_WARN_OBJC_ROOT_CLASS = YES_ERROR;
				CLANG_WARN_QUOTED_INCLUDE_IN_FRAMEWORK_HEADER = YES;
				CLANG_WARN_RANGE_LOOP_ANALYSIS = YES;
				CLANG_WARN_STRICT_PROTOTYPES = YES;
				CLANG_WARN_SUSPICIOUS_MOVE = YES;
				CLANG_WARN_UNGUARDED_AVAILABILITY = YES_AGGRESSIVE;
				CLANG_WARN_UNREACHABLE_CODE = YES;
				CLANG_WARN__DUPLICATE_METHOD_MATCH = YES;
				COPY_PHASE_STRIP = NO;
				CURRENT_PROJECT_VERSION = 1;
				DEBUG_INFORMATION_FORMAT = "dwarf-with-dsym";
				ENABLE_NS_ASSERTIONS = NO;
				ENABLE_STRICT_OBJC_MSGSEND = YES;
				ENABLE_USER_SCRIPT_SANDBOXING = YES;
				GCC_C_LANGUAGE_STANDARD = gnu17;
				GCC_NO_COMMON_BLOCKS = YES;
				GCC_WARN_64_TO_32_BIT_CONVERSION = YES;
				GCC_WARN_ABOUT_RETURN_TYPE = YES_ERROR;
				GCC_WARN_UNDECLARED_SELECTOR = YES;
				GCC_WARN_UNINITIALIZED_AUTOS = YES_AGGRESSIVE;
				GCC_WARN_UNUSED_FUNCTION = YES;
				GCC_WARN_UNUSED_VARIABLE = YES;
				IPHONEOS_DEPLOYMENT_TARGET = 18.0;
				LOCALIZATION_PREFERS_STRING_CATALOGS = YES;
				MTL_ENABLE_DEBUG_INFO = NO;
				MTL_FAST_MATH = YES;
				SDKROOT = iphoneos;
				SWIFT_COMPILATION_MODE = wholemodule;
				VALIDATE_PRODUCT = YES;
				VERSIONING_SYSTEM = "apple-generic";
				VERSION_INFO_PREFIX = "";
			};
			name = Release;
		};
		CFF5AFE52E09BBA3002B8819 /* Debug */ = {
			isa = XCBuildConfiguration;
			buildSettings = {
				CODE_SIGN_STYLE = Automatic;
				CURRENT_PROJECT_VERSION = 1;
				GENERATE_INFOPLIST_FILE = YES;
				MARKETING_VERSION = 1.0;
				PRODUCT_BUNDLE_IDENTIFIER = com.CommonUtilitiesTests;
				PRODUCT_NAME = "$(TARGET_NAME)";
				SWIFT_EMIT_LOC_STRINGS = NO;
				SWIFT_VERSION = 5.0;
				TARGETED_DEVICE_FAMILY = "1,2";
			};
			name = Debug;
		};
		CFF5AFE62E09BBA3002B8819 /* Release */ = {
			isa = XCBuildConfiguration;
			buildSettings = {
				CODE_SIGN_STYLE = Automatic;
				CURRENT_PROJECT_VERSION = 1;
				GENERATE_INFOPLIST_FILE = YES;
				MARKETING_VERSION = 1.0;
				PRODUCT_BUNDLE_IDENTIFIER = com.CommonUtilitiesTests;
				PRODUCT_NAME = "$(TARGET_NAME)";
				SWIFT_EMIT_LOC_STRINGS = NO;
				SWIFT_VERSION = 5.0;
				TARGETED_DEVICE_FAMILY = "1,2";
			};
			name = Release;
		};
/* End XCBuildConfiguration section */

/* Begin XCConfigurationList section */
		CFF5AFC62E09BBA3002B8819 /* Build configuration list for PBXProject "CommonUtilities" */ = {
			isa = XCConfigurationList;
			buildConfigurations = (
				CFF5AFE22E09BBA3002B8819 /* Debug */,
				CFF5AFE32E09BBA3002B8819 /* Release */,
			);
			defaultConfigurationIsVisible = 0;
			defaultConfigurationName = Release;
		};
		CFF5AFDF2E09BBA3002B8819 /* Build configuration list for PBXNativeTarget "CommonUtilities" */ = {
			isa = XCConfigurationList;
			buildConfigurations = (
				CFF5AFE02E09BBA3002B8819 /* Debug */,
				CFF5AFE12E09BBA3002B8819 /* Release */,
			);
			defaultConfigurationIsVisible = 0;
			defaultConfigurationName = Release;
		};
		CFF5AFE42E09BBA3002B8819 /* Build configuration list for PBXNativeTarget "CommonUtilitiesTests" */ = {
			isa = XCConfigurationList;
			buildConfigurations = (
				CFF5AFE52E09BBA3002B8819 /* Debug */,
				CFF5AFE62E09BBA3002B8819 /* Release */,
			);
			defaultConfigurationIsVisible = 0;
			defaultConfigurationName = Release;
		};
/* End XCConfigurationList section */

/* Begin XCRemoteSwiftPackageReference section */
		CFF5B0642E09C746002B8819 /* XCRemoteSwiftPackageReference "truvideo-sdk-ios-core" */ = {
			isa = XCRemoteSwiftPackageReference;
			repositoryURL = "https://github.com/Truvideo/truvideo-sdk-ios-core";
			requirement = {
				kind = upToNextMajorVersion;
				minimumVersion = 76.2.1;
			};
		};
/* End XCRemoteSwiftPackageReference section */

/* Begin XCSwiftPackageProductDependency section */
		CFF5B0652E09C746002B8819 /* TruvideoSdk */ = {
			isa = XCSwiftPackageProductDependency;
			package = CFF5B0642E09C746002B8819 /* XCRemoteSwiftPackageReference "truvideo-sdk-ios-core" */;
			productName = TruvideoSdk;
		};
/* End XCSwiftPackageProductDependency section */
	};
	rootObject = CFF5AFC32E09BBA3002B8819 /* Project object */;
}
